<?xml version="1.0" encoding="utf-8"?>
<Project ToolsVersion="4.0" xmlns="http://schemas.microsoft.com/developer/msbuild/2003">
  <ItemGroup>
    <Filter Include="ソース ファイル">
      <UniqueIdentifier>{4FC737F1-C7A5-4376-A066-2A32D752A2FF}</UniqueIdentifier>
      <Extensions>cpp;c;cc;cxx;c++;cppm;ixx;def;odl;idl;hpj;bat;asm;asmx</Extensions>
    </Filter>
    <Filter Include="ヘッダー ファイル">
      <UniqueIdentifier>{93995380-89BD-4b04-88EB-625FBE52EBFB}</UniqueIdentifier>
      <Extensions>h;hh;hpp;hxx;h++;hm;inl;inc;ipp;xsd</Extensions>
    </Filter>
    <Filter Include="Imgui">
      <UniqueIdentifier>{d130ff42-1fb1-4aa7-ab20-cdd97731dbbb}</UniqueIdentifier>
    </Filter>
    <Filter Include="mode">
      <UniqueIdentifier>{8ed78e68-f3e7-41dc-9cc0-7b63cd77b384}</UniqueIdentifier>
    </Filter>
    <Filter Include="mode\game">
      <UniqueIdentifier>{0eb85750-4561-457b-ae92-f5851bd80364}</UniqueIdentifier>
    </Filter>
    <Filter Include="mode\title">
      <UniqueIdentifier>{6381e9fa-3d78-45a2-b137-84ae7778a552}</UniqueIdentifier>
    </Filter>
    <Filter Include="mode\result">
      <UniqueIdentifier>{0a99f556-c3f8-45bd-902e-00a3a609794d}</UniqueIdentifier>
    </Filter>
    <Filter Include="mode\tutorial">
      <UniqueIdentifier>{1158ac40-16b8-4c57-8562-5ca3e1e55f39}</UniqueIdentifier>
    </Filter>
    <Filter Include="object">
      <UniqueIdentifier>{c4e92c77-7c07-4b9f-9fb1-1446c52afc86}</UniqueIdentifier>
    </Filter>
    <Filter Include="Input">
      <UniqueIdentifier>{4c565aa9-f542-4696-a91e-bd40a00703a5}</UniqueIdentifier>
    </Filter>
    <Filter Include="edit">
      <UniqueIdentifier>{13b311fc-e62b-41e4-85d8-4d9a470aca1b}</UniqueIdentifier>
    </Filter>
    <Filter Include="handle">
      <UniqueIdentifier>{00b034a6-ba43-4231-b582-279ce60fd58e}</UniqueIdentifier>
    </Filter>
    <Filter Include="number">
      <UniqueIdentifier>{aacfa591-41fc-4721-9668-76abb9b77559}</UniqueIdentifier>
    </Filter>
    <Filter Include="system">
      <UniqueIdentifier>{f05d393f-41f5-4a23-89db-23a3a63a3509}</UniqueIdentifier>
    </Filter>
    <Filter Include="effect">
      <UniqueIdentifier>{0c230d62-f74e-4be5-8dfc-334c7639cc63}</UniqueIdentifier>
    </Filter>
    <Filter Include="mode\ranking">
      <UniqueIdentifier>{3ddc1dc7-e100-4f76-aeae-24d4a8e452e8}</UniqueIdentifier>
    </Filter>
    <Filter Include="player">
      <UniqueIdentifier>{3fbd0f1c-b35a-40db-9b90-06cace47db05}</UniqueIdentifier>
    </Filter>
    <Filter Include="pause">
      <UniqueIdentifier>{fc5743ad-4684-466c-907f-8c561384ca6c}</UniqueIdentifier>
    </Filter>
    <Filter Include="load">
      <UniqueIdentifier>{48e287cf-d433-41b9-b663-ce7532f57c06}</UniqueIdentifier>
    </Filter>
    <Filter Include="SAMPLE">
      <UniqueIdentifier>{2f9d7de0-6038-4373-9537-6c74de8f2e2c}</UniqueIdentifier>
    </Filter>
    <Filter Include="mesh">
      <UniqueIdentifier>{1f7adde7-2f38-4f5d-814f-5faf4199524b}</UniqueIdentifier>
    </Filter>
    <Filter Include="camera">
      <UniqueIdentifier>{61f2cd6c-2c60-4c7d-9eec-19d2b4f10eea}</UniqueIdentifier>
    </Filter>
    <Filter Include="ui">
      <UniqueIdentifier>{db3b7d5c-8da1-48b2-a374-eb2754691253}</UniqueIdentifier>
    </Filter>
    <Filter Include="ingame">
      <UniqueIdentifier>{fe8bbf2f-bf3b-4e81-8e27-636f5f5ecac4}</UniqueIdentifier>
    </Filter>
    <Filter Include="player\playerAI">
      <UniqueIdentifier>{03736502-bcc3-436d-9943-22ede4caa308}</UniqueIdentifier>
    </Filter>
    <Filter Include="player\playerUser">
      <UniqueIdentifier>{c21ef06f-4c30-4058-9798-68b3ead98ff0}</UniqueIdentifier>
    </Filter>
    <Filter Include="character">
      <UniqueIdentifier>{62f5c653-6cf7-4947-b0e2-882bf8019514}</UniqueIdentifier>
    </Filter>
    <Filter Include="ingame\ball">
      <UniqueIdentifier>{b2e5a271-3e8c-49d8-8dd8-a0e6de48531a}</UniqueIdentifier>
    </Filter>
    <Filter Include="ingame\audience">
      <UniqueIdentifier>{176f1eab-e812-4d0e-a46e-102b65fbc017}</UniqueIdentifier>
    </Filter>
    <Filter Include="ingame\team">
      <UniqueIdentifier>{6c47d80e-0f75-4d2b-8c6a-de499b03a323}</UniqueIdentifier>
    </Filter>
    <Filter Include="ingame\special">
      <UniqueIdentifier>{ab4478a0-9acd-41b4-8000-ec3cf9cb914d}</UniqueIdentifier>
    </Filter>
    <Filter Include="character\dressup">
      <UniqueIdentifier>{96dfd3e4-2a3d-41da-a2fa-48ac3dfc21b6}</UniqueIdentifier>
    </Filter>
    <Filter Include="ingame\gym">
      <UniqueIdentifier>{0dbbc4f5-752b-4029-8650-3a11ccbbb442}</UniqueIdentifier>
    </Filter>
    <Filter Include="ingame\charm">
      <UniqueIdentifier>{deec6407-196d-40c5-ba44-68a5ca664611}</UniqueIdentifier>
    </Filter>
    <Filter Include="player\playerControl">
      <UniqueIdentifier>{f70dbe5e-1d32-45ef-8932-0918f140956c}</UniqueIdentifier>
    </Filter>
    <Filter Include="player\playerPosAdj">
      <UniqueIdentifier>{a682c9d2-6154-41c3-9869-71e82bd4c3c8}</UniqueIdentifier>
    </Filter>
    <Filter Include="ingame\special\effect">
      <UniqueIdentifier>{94e9b15e-3c0c-4857-a428-be477f6cd51b}</UniqueIdentifier>
    </Filter>
    <Filter Include="player\playerUser\KeyBind">
      <UniqueIdentifier>{92a68277-d5e9-45d5-baef-86966dc6b975}</UniqueIdentifier>
    </Filter>
    <Filter Include="shader">
      <UniqueIdentifier>{caca10ce-3011-4bf4-8616-198608012864}</UniqueIdentifier>
    </Filter>
    <Filter Include="mode\entry">
      <UniqueIdentifier>{7d3b7316-2bdc-4a39-a27a-8e690014fb7e}</UniqueIdentifier>
    </Filter>
    <Filter Include="ingame\marker">
      <UniqueIdentifier>{86d8a8ce-0cb2-4d8e-a6d8-8f1834ba0d5e}</UniqueIdentifier>
    </Filter>
    <Filter Include="player\playerBase">
      <UniqueIdentifier>{0ab8008f-32ea-42bb-9b51-f8b0021b44a5}</UniqueIdentifier>
    </Filter>
    <Filter Include="ingame\visual">
      <UniqueIdentifier>{4fc88a46-4426-47cf-a5e7-046fa3185965}</UniqueIdentifier>
    </Filter>
    <Filter Include="player\catch">
      <UniqueIdentifier>{611ce03a-6330-468c-8885-1691e18ce740}</UniqueIdentifier>
    </Filter>
    <Filter Include="player\playerManager">
      <UniqueIdentifier>{cc393f57-f701-4674-89b3-3bc4ec4bbe0f}</UniqueIdentifier>
    </Filter>
    <Filter Include="ingame\buzz">
      <UniqueIdentifier>{1b7c632a-77de-4d2c-854e-3abab307d05b}</UniqueIdentifier>
    </Filter>
    <Filter Include="ingame\buzz\reporter">
      <UniqueIdentifier>{877db654-a2a9-4be0-899c-6a39468847e2}</UniqueIdentifier>
    </Filter>
    <Filter Include="ingame\balloon">
      <UniqueIdentifier>{ff50d162-9722-441c-9818-77d7b26a32c5}</UniqueIdentifier>
    </Filter>
  </ItemGroup>
  <ItemGroup>
    <ClCompile Include="Source\blackframe.cpp">
      <Filter>ソース ファイル</Filter>
    </ClCompile>
    <ClCompile Include="Source\fade.cpp">
      <Filter>ソース ファイル</Filter>
    </ClCompile>
    <ClCompile Include="Source\instantfade.cpp">
      <Filter>ソース ファイル</Filter>
    </ClCompile>
    <ClCompile Include="Source\map.cpp">
      <Filter>ソース ファイル</Filter>
    </ClCompile>
    <ClCompile Include="Source\shadow.cpp">
      <Filter>ソース ファイル</Filter>
    </ClCompile>
    <ClCompile Include="Source\meshcylinder.cpp">
      <Filter>mesh</Filter>
    </ClCompile>
    <ClCompile Include="Source\meshdome.cpp">
      <Filter>mesh</Filter>
    </ClCompile>
    <ClCompile Include="Source\meshfield.cpp">
      <Filter>mesh</Filter>
    </ClCompile>
    <ClCompile Include="Source\meshsphere.cpp">
      <Filter>mesh</Filter>
    </ClCompile>
    <ClCompile Include="Source\meshwall.cpp">
      <Filter>mesh</Filter>
    </ClCompile>
    <ClCompile Include="Source\targetpoint.cpp">
      <Filter>mesh</Filter>
    </ClCompile>
    <ClCompile Include="Source\object.cpp">
      <Filter>object</Filter>
    </ClCompile>
    <ClCompile Include="Source\object_circlegauge2D.cpp">
      <Filter>object</Filter>
    </ClCompile>
    <ClCompile Include="Source\object2D.cpp">
      <Filter>object</Filter>
    </ClCompile>
    <ClCompile Include="Source\object2D_Anim.cpp">
      <Filter>object</Filter>
    </ClCompile>
    <ClCompile Include="Source\object3D.cpp">
      <Filter>object</Filter>
    </ClCompile>
    <ClCompile Include="Source\object3D_Anim.cpp">
      <Filter>object</Filter>
    </ClCompile>
    <ClCompile Include="Source\object3DMesh.cpp">
      <Filter>object</Filter>
    </ClCompile>
    <ClCompile Include="Source\objectBillboard.cpp">
      <Filter>object</Filter>
    </ClCompile>
    <ClCompile Include="Source\objectBillboard_Anim.cpp">
      <Filter>object</Filter>
    </ClCompile>
    <ClCompile Include="Source\objectChara.cpp">
      <Filter>object</Filter>
    </ClCompile>
    <ClCompile Include="Source\objectHierarchy.cpp">
      <Filter>object</Filter>
    </ClCompile>
    <ClCompile Include="Source\objectX.cpp">
      <Filter>object</Filter>
    </ClCompile>
    <ClCompile Include="Source\tutorial.cpp">
      <Filter>mode\tutorial</Filter>
    </ClCompile>
    <ClCompile Include="Source\tutoriallogo.cpp">
      <Filter>mode\tutorial</Filter>
    </ClCompile>
    <ClCompile Include="Source\input_gamepad.cpp">
      <Filter>Input</Filter>
    </ClCompile>
    <ClCompile Include="Source\input_keyboard.cpp">
      <Filter>Input</Filter>
    </ClCompile>
    <ClCompile Include="Source\input_mouse.cpp">
      <Filter>Input</Filter>
    </ClCompile>
    <ClCompile Include="Source\input.cpp">
      <Filter>Input</Filter>
    </ClCompile>
    <ClCompile Include="Source\edit_map.cpp">
      <Filter>edit</Filter>
    </ClCompile>
    <ClCompile Include="Source\ObjectLine.cpp">
      <Filter>object</Filter>
    </ClCompile>
    <ClCompile Include="Source\collisionLine_Box.cpp">
      <Filter>edit</Filter>
    </ClCompile>
    <ClCompile Include="Source\handle_Move.cpp">
      <Filter>handle</Filter>
    </ClCompile>
    <ClCompile Include="Source\edithandle.cpp">
      <Filter>handle</Filter>
    </ClCompile>
    <ClCompile Include="Source\handle_Scale.cpp">
      <Filter>handle</Filter>
    </ClCompile>
    <ClCompile Include="Source\multinumber.cpp">
      <Filter>number</Filter>
    </ClCompile>
    <ClCompile Include="Source\game.cpp">
      <Filter>mode\game</Filter>
    </ClCompile>
    <ClCompile Include="Source\gamemanager.cpp">
      <Filter>mode\game</Filter>
    </ClCompile>
    <ClCompile Include="Source\2D_effect.cpp">
      <Filter>effect</Filter>
    </ClCompile>
    <ClCompile Include="Source\3D_effect.cpp">
      <Filter>effect</Filter>
    </ClCompile>
    <ClCompile Include="Source\MyEffekseer.cpp">
      <Filter>effect</Filter>
    </ClCompile>
    <ClCompile Include="Source\precompile.cpp">
      <Filter>system</Filter>
    </ClCompile>
    <ClCompile Include="Source\sound.cpp">
      <Filter>system</Filter>
    </ClCompile>
    <ClCompile Include="Source\texture.cpp">
      <Filter>system</Filter>
    </ClCompile>
    <ClCompile Include="Source\Xload.cpp">
      <Filter>system</Filter>
    </ClCompile>
    <ClCompile Include="Source\light.cpp">
      <Filter>system</Filter>
    </ClCompile>
    <ClCompile Include="Source\mylib.cpp">
      <Filter>system</Filter>
    </ClCompile>
    <ClCompile Include="Source\ranking.cpp">
      <Filter>mode\ranking</Filter>
    </ClCompile>
    <ClCompile Include="Source\result.cpp">
      <Filter>mode\result</Filter>
    </ClCompile>
    <ClCompile Include="Source\title.cpp">
      <Filter>mode\title</Filter>
    </ClCompile>
    <ClCompile Include="Source\main.cpp">
      <Filter>system</Filter>
    </ClCompile>
    <ClCompile Include="Source\manager.cpp">
      <Filter>system</Filter>
    </ClCompile>
    <ClCompile Include="Source\renderer.cpp">
      <Filter>system</Filter>
    </ClCompile>
    <ClCompile Include="Source\listmanager.cpp">
      <Filter>system</Filter>
    </ClCompile>
    <ClCompile Include="Source\debugproc.cpp">
      <Filter>system</Filter>
    </ClCompile>
    <ClCompile Include="Source\impactwave.cpp">
      <Filter>mesh</Filter>
    </ClCompile>
    <ClCompile Include="Source\fog.cpp">
      <Filter>system</Filter>
    </ClCompile>
    <ClCompile Include="Source\scene.cpp">
      <Filter>mode</Filter>
    </ClCompile>
    <ClCompile Include="Source\player.cpp">
      <Filter>player</Filter>
    </ClCompile>
    <ClCompile Include="Source\pause.cpp">
      <Filter>pause</Filter>
    </ClCompile>
    <ClCompile Include="Source\pause_game.cpp">
      <Filter>pause</Filter>
    </ClCompile>
    <ClCompile Include="Source\pause_tutorial.cpp">
      <Filter>pause</Filter>
    </ClCompile>
    <ClCompile Include="Source\loadmanager.cpp">
      <Filter>load</Filter>
    </ClCompile>
    <ClCompile Include="Source\loadscreen.cpp">
      <Filter>load</Filter>
    </ClCompile>
    <ClCompile Include="Source\particle.cpp">
      <Filter>effect</Filter>
    </ClCompile>
    <ClCompile Include="Source\edit.cpp">
      <Filter>edit</Filter>
    </ClCompile>
    <ClCompile Include="Source\sample_objX.cpp">
      <Filter>SAMPLE</Filter>
    </ClCompile>
    <ClCompile Include="Source\sample_obj2D.cpp">
      <Filter>SAMPLE</Filter>
    </ClCompile>
    <ClCompile Include="Source\sample_obj3D.cpp">
      <Filter>SAMPLE</Filter>
    </ClCompile>
    <ClCompile Include="Source\sample_character.cpp">
      <Filter>SAMPLE</Filter>
    </ClCompile>
    <ClCompile Include="Source\Imguimanager.cpp">
      <Filter>Imgui</Filter>
    </ClCompile>
    <ClCompile Include="Source\objectQuaternion.cpp">
      <Filter>object</Filter>
    </ClCompile>
    <ClCompile Include="Source\myassert.cpp">
      <Filter>system</Filter>
    </ClCompile>
    <ClCompile Include="Source\camera.cpp">
      <Filter>camera</Filter>
    </ClCompile>
    <ClCompile Include="Source\camera_motion.cpp">
      <Filter>camera</Filter>
    </ClCompile>
    <ClCompile Include="Source\camera_motion_trigger.cpp">
      <Filter>camera</Filter>
    </ClCompile>
    <ClCompile Include="Source\cameratrigger_pass.cpp">
      <Filter>camera</Filter>
    </ClCompile>
    <ClCompile Include="Source\EffekseerObj.cpp">
      <Filter>effect</Filter>
    </ClCompile>
    <ClCompile Include="Libraries\Imgui\imgui.cpp">
      <Filter>Imgui</Filter>
    </ClCompile>
    <ClCompile Include="Libraries\Imgui\imgui_demo.cpp">
      <Filter>Imgui</Filter>
    </ClCompile>
    <ClCompile Include="Libraries\Imgui\imgui_draw.cpp">
      <Filter>Imgui</Filter>
    </ClCompile>
    <ClCompile Include="Libraries\Imgui\imgui_impl_dx9.cpp">
      <Filter>Imgui</Filter>
    </ClCompile>
    <ClCompile Include="Libraries\Imgui\imgui_impl_win32.cpp">
      <Filter>Imgui</Filter>
    </ClCompile>
    <ClCompile Include="Libraries\Imgui\imgui_tables.cpp">
      <Filter>Imgui</Filter>
    </ClCompile>
    <ClCompile Include="Libraries\Imgui\imgui_widgets.cpp">
      <Filter>Imgui</Filter>
    </ClCompile>
    <ClCompile Include="Libraries\Imgui\implot.cpp">
      <Filter>Imgui</Filter>
    </ClCompile>
    <ClCompile Include="Libraries\Imgui\implot_items.cpp">
      <Filter>Imgui</Filter>
    </ClCompile>
    <ClCompile Include="Source\camera_debug.cpp">
      <Filter>camera</Filter>
    </ClCompile>
    <ClCompile Include="Source\font.cpp">
      <Filter>system</Filter>
    </ClCompile>
    <ClCompile Include="Source\fontChar.cpp">
      <Filter>system</Filter>
    </ClCompile>
    <ClCompile Include="Source\timer.cpp">
      <Filter>system</Filter>
    </ClCompile>
    <ClCompile Include="Source\timerUI.cpp">
      <Filter>ui</Filter>
    </ClCompile>
    <ClCompile Include="Source\timeUI.cpp">
      <Filter>ui</Filter>
    </ClCompile>
    <ClCompile Include="Source\playerAction.cpp">
      <Filter>player</Filter>
    </ClCompile>
    <ClCompile Include="Source\playerStatus.cpp">
      <Filter>player</Filter>
    </ClCompile>
    <ClCompile Include="Source\playerAIcontrol_action.cpp">
      <Filter>player\playerAI</Filter>
    </ClCompile>
    <ClCompile Include="Source\playerUsercontrol_move.cpp">
      <Filter>player\playerUser</Filter>
    </ClCompile>
    <ClCompile Include="Source\playerUsercontrol_action.cpp">
      <Filter>player\playerUser</Filter>
    </ClCompile>
    <ClCompile Include="Source\playerAIcontrol_move.cpp">
      <Filter>player\playerAI</Filter>
    </ClCompile>
    <ClCompile Include="Source\motion.cpp">
      <Filter>character</Filter>
    </ClCompile>
    <ClCompile Include="Source\model.cpp">
      <Filter>character</Filter>
    </ClCompile>
    <ClCompile Include="Source\characterStatus.cpp">
      <Filter>character</Filter>
    </ClCompile>
    <ClCompile Include="Source\ball.cpp">
      <Filter>ingame\ball</Filter>
    </ClCompile>
    <ClCompile Include="Source\audience.cpp">
      <Filter>ingame\audience</Filter>
    </ClCompile>
    <ClCompile Include="Source\audienceAnim.cpp">
      <Filter>ingame\audience</Filter>
    </ClCompile>
    <ClCompile Include="Source\teamStatus.cpp">
      <Filter>ingame\team</Filter>
    </ClCompile>
    <ClCompile Include="Source\characterAnim.cpp">
      <Filter>system</Filter>
    </ClCompile>
    <ClCompile Include="Source\objectCharaAnim.cpp">
      <Filter>object</Filter>
    </ClCompile>
    <ClCompile Include="Source\lightDir.cpp">
      <Filter>system</Filter>
    </ClCompile>
    <ClCompile Include="Source\lightManager.cpp">
      <Filter>system</Filter>
    </ClCompile>
    <ClCompile Include="Source\lightPoint.cpp">
      <Filter>system</Filter>
    </ClCompile>
    <ClCompile Include="Source\specialManager.cpp">
      <Filter>ingame\special</Filter>
    </ClCompile>
    <ClCompile Include="Source\audienceHighPoly.cpp">
      <Filter>ingame\audience</Filter>
    </ClCompile>
    <ClCompile Include="Source\cutin.cpp">
      <Filter>ingame\special</Filter>
    </ClCompile>
    <ClCompile Include="Source\dressup_hair.cpp">
      <Filter>character\dressup</Filter>
    </ClCompile>
    <ClCompile Include="Source\dressup.cpp">
      <Filter>character\dressup</Filter>
    </ClCompile>
    <ClCompile Include="Source\dressup_accessory.cpp">
      <Filter>character\dressup</Filter>
    </ClCompile>
    <ClCompile Include="Source\gymWall.cpp">
      <Filter>ingame\gym</Filter>
    </ClCompile>
    <ClCompile Include="Source\gymWallManager.cpp">
      <Filter>ingame\gym</Filter>
    </ClCompile>
    <ClCompile Include="Source\renderTexture.cpp">
      <Filter>system</Filter>
    </ClCompile>
    <ClCompile Include="Source\screen.cpp">
      <Filter>system</Filter>
    </ClCompile>
    <ClCompile Include="Source\audienceLowPoly.cpp">
      <Filter>ingame\audience</Filter>
    </ClCompile>
    <ClCompile Include="Source\charmManager.cpp">
      <Filter>ingame\charm</Filter>
    </ClCompile>
    <ClCompile Include="Source\playercontrol.cpp">
      <Filter>player\playerControl</Filter>
    </ClCompile>
    <ClCompile Include="Source\playercontrol_action.cpp">
      <Filter>player\playerControl</Filter>
    </ClCompile>
    <ClCompile Include="Source\playercontrol_move.cpp">
      <Filter>player\playerControl</Filter>
    </ClCompile>
    <ClCompile Include="Source\playerAIcontrol.cpp">
      <Filter>player\playerAI</Filter>
    </ClCompile>
    <ClCompile Include="Source\playerUserOut_controlMove.cpp">
      <Filter>player\playerUser</Filter>
    </ClCompile>
    <ClCompile Include="Source\ballStatus.cpp">
      <Filter>ingame\ball</Filter>
    </ClCompile>
    <ClCompile Include="Source\playerUserIn.cpp">
      <Filter>player\playerUser</Filter>
    </ClCompile>
    <ClCompile Include="Source\playerUserOut.cpp">
      <Filter>player\playerUser</Filter>
    </ClCompile>
    <ClCompile Include="Source\playerAIIn.cpp">
      <Filter>player\playerAI</Filter>
    </ClCompile>
    <ClCompile Include="Source\playerAIOut.cpp">
      <Filter>player\playerAI</Filter>
    </ClCompile>
    <ClCompile Include="Source\number.cpp">
      <Filter>number</Filter>
    </ClCompile>
    <ClCompile Include="Source\number_2D.cpp">
      <Filter>number</Filter>
    </ClCompile>
    <ClCompile Include="Source\number_3D.cpp">
      <Filter>number</Filter>
    </ClCompile>
    <ClCompile Include="Source\number_Billboard.cpp">
      <Filter>number</Filter>
    </ClCompile>
    <ClCompile Include="Source\playerPosAdj.cpp">
      <Filter>player\playerPosAdj</Filter>
    </ClCompile>
    <ClCompile Include="Source\playerPosAdj_in.cpp">
      <Filter>player\playerPosAdj</Filter>
    </ClCompile>
    <ClCompile Include="Source\playerPosAdj_inRight.cpp">
      <Filter>player\playerPosAdj</Filter>
    </ClCompile>
    <ClCompile Include="Source\playerPosAdj_inLeft.cpp">
      <Filter>player\playerPosAdj</Filter>
    </ClCompile>
    <ClCompile Include="Source\playerPosAdj_out.cpp">
      <Filter>player\playerPosAdj</Filter>
    </ClCompile>
    <ClCompile Include="Source\specialValueManager.cpp">
      <Filter>ingame\special</Filter>
    </ClCompile>
    <ClCompile Include="Source\specialEffect.cpp">
      <Filter>ingame\special\effect</Filter>
    </ClCompile>
    <ClCompile Include="Source\specialEffect_kamehameha.cpp">
      <Filter>ingame\special\effect</Filter>
    </ClCompile>
    <ClCompile Include="Source\bindKey.cpp">
      <Filter>player\playerUser\KeyBind</Filter>
    </ClCompile>
    <ClCompile Include="Source\bindKeyFront.cpp">
      <Filter>player\playerUser\KeyBind</Filter>
    </ClCompile>
    <ClCompile Include="Source\bindKeyBack.cpp">
      <Filter>player\playerUser\KeyBind</Filter>
    </ClCompile>
    <ClCompile Include="Source\bindKeyLeft.cpp">
      <Filter>player\playerUser\KeyBind</Filter>
    </ClCompile>
    <ClCompile Include="Source\bindKeyRight.cpp">
      <Filter>player\playerUser\KeyBind</Filter>
    </ClCompile>
    <ClCompile Include="Source\playerAIOut_controlMove.cpp">
      <Filter>player\playerAI</Filter>
    </ClCompile>
    <ClCompile Include="Source\shader.cpp">
      <Filter>shader</Filter>
    </ClCompile>
    <ClCompile Include="Source\shaderMono.cpp">
      <Filter>shader</Filter>
    </ClCompile>
    <ClCompile Include="Source\playerAIOut_control.cpp">
      <Filter>player\playerAI</Filter>
    </ClCompile>
    <ClCompile Include="Source\playerAIOut_controlAction.cpp">
      <Filter>player\playerAI</Filter>
    </ClCompile>
    <ClCompile Include="Source\entry.cpp">
      <Filter>mode\entry</Filter>
    </ClCompile>
    <ClCompile Include="Source\entry_setupTeam.cpp">
      <Filter>mode\entry</Filter>
    </ClCompile>
    <ClCompile Include="Source\entryscene.cpp">
      <Filter>mode\entry</Filter>
    </ClCompile>
    <ClCompile Include="Source\titleLogo.cpp">
      <Filter>mode\title</Filter>
    </ClCompile>
    <ClCompile Include="Source\entry_dressup.cpp">
      <Filter>mode\entry</Filter>
    </ClCompile>
    <ClCompile Include="Source\charmValueManager.cpp">
      <Filter>ingame\charm</Filter>
    </ClCompile>
    <ClCompile Include="Source\playerDressup.cpp">
      <Filter>player</Filter>
    </ClCompile>
    <ClCompile Include="Source\ballHolderMarker.cpp">
      <Filter>ingame\marker</Filter>
    </ClCompile>
    <ClCompile Include="Source\playerMarker.cpp">
      <Filter>ingame\marker</Filter>
    </ClCompile>
    <ClCompile Include="Source\resultmanager.cpp">
      <Filter>mode\result</Filter>
    </ClCompile>
    <ClCompile Include="Source\dressup_face.cpp">
      <Filter>character\dressup</Filter>
    </ClCompile>
    <ClCompile Include="Source\ballLandingMarker.cpp">
      <Filter>ingame\marker</Filter>
    </ClCompile>
    <ClCompile Include="Source\charmText.cpp">
      <Filter>ingame\charm</Filter>
    </ClCompile>
    <ClCompile Include="Source\charmText_Left.cpp">
      <Filter>ingame\charm</Filter>
    </ClCompile>
    <ClCompile Include="Source\charmText_Right.cpp">
      <Filter>ingame\charm</Filter>
    </ClCompile>
    <ClCompile Include="Source\playerSpawn.cpp">
      <Filter>player</Filter>
    </ClCompile>
    <ClCompile Include="Source\gymDoor.cpp">
      <Filter>ingame\gym</Filter>
    </ClCompile>
    <ClCompile Include="Source\playerIn.cpp">
      <Filter>player\playerBase</Filter>
    </ClCompile>
    <ClCompile Include="Source\playerBase.cpp">
      <Filter>player\playerBase</Filter>
    </ClCompile>
    <ClCompile Include="Source\playerOut.cpp">
      <Filter>player\playerBase</Filter>
    </ClCompile>
    <ClCompile Include="Source\playerNone.cpp">
      <Filter>player\playerBase</Filter>
    </ClCompile>
    <ClCompile Include="Source\playerPosAdj_none.cpp">
      <Filter>player\playerPosAdj</Filter>
    </ClCompile>
    <ClCompile Include="Source\playerSpawnManager.cpp">
      <Filter>player</Filter>
    </ClCompile>
    <ClCompile Include="Source\playerReferee.cpp">
      <Filter>player</Filter>
    </ClCompile>
    <ClCompile Include="Source\playerAIPosAdj_inLeft.cpp">
      <Filter>player\playerPosAdj</Filter>
    </ClCompile>
    <ClCompile Include="Source\playerAIPosAdj_inRight.cpp">
      <Filter>player\playerPosAdj</Filter>
    </ClCompile>
    <ClCompile Include="Source\playerResult.cpp">
      <Filter>player</Filter>
    </ClCompile>
    <ClCompile Include="Source\startText.cpp">
      <Filter>ingame\visual</Filter>
    </ClCompile>
    <ClCompile Include="Source\entry_gameSetting.cpp">
      <Filter>mode\entry</Filter>
    </ClCompile>
    <ClCompile Include="Source\catchSpecial.cpp">
      <Filter>player\catch</Filter>
    </ClCompile>
    <ClCompile Include="Source\playerAIcontrol_left.cpp">
      <Filter>player\playerAI</Filter>
    </ClCompile>
    <ClCompile Include="Source\playerAIcontrol_right.cpp">
      <Filter>player\playerAI</Filter>
    </ClCompile>
    <ClCompile Include="Source\playerManager.cpp">
      <Filter>player\playerManager</Filter>
    </ClCompile>
    <ClCompile Include="Source\playerManager_game.cpp">
      <Filter>player\playerManager</Filter>
    </ClCompile>
    <ClCompile Include="Source\playerManager_result.cpp">
      <Filter>player\playerManager</Filter>
    </ClCompile>
    <ClCompile Include="Source\schoolnurse.cpp">
      <Filter>ingame\buzz</Filter>
    </ClCompile>
    <ClCompile Include="Source\stretcher.cpp">
      <Filter>ingame</Filter>
    </ClCompile>
    <ClCompile Include="Source\reporter.cpp">
      <Filter>ingame\buzz\reporter</Filter>
    </ClCompile>
    <ClCompile Include="Source\reporterSet.cpp">
      <Filter>ingame\buzz\reporter</Filter>
    </ClCompile>
    <ClCompile Include="Source\renderTextureManager.cpp">
      <Filter>system</Filter>
    </ClCompile>
    <ClCompile Include="Source\thoughtBalloon.cpp">
      <Filter>ingame\balloon</Filter>
    </ClCompile>
    <ClCompile Include="Source\char2D.cpp">
      <Filter>ui</Filter>
    </ClCompile>
    <ClCompile Include="Source\scrollString2D.cpp">
      <Filter>ui</Filter>
    </ClCompile>
    <ClCompile Include="Source\scrollText2D.cpp">
      <Filter>ui</Filter>
    </ClCompile>
    <ClCompile Include="Source\string2D.cpp">
      <Filter>ui</Filter>
    </ClCompile>
    <ClCompile Include="Source\text2D.cpp">
      <Filter>ui</Filter>
    </ClCompile>
  </ItemGroup>
  <ItemGroup>
    <ClInclude Include="Source\constans.h">
      <Filter>ヘッダー ファイル</Filter>
    </ClInclude>
    <ClInclude Include="Source\fade.h">
      <Filter>ヘッダー ファイル</Filter>
    </ClInclude>
    <ClInclude Include="Source\map.h">
      <Filter>ヘッダー ファイル</Filter>
    </ClInclude>
    <ClInclude Include="Source\shadow.h">
      <Filter>ヘッダー ファイル</Filter>
    </ClInclude>
    <ClInclude Include="Source\meshcylinder.h">
      <Filter>mesh</Filter>
    </ClInclude>
    <ClInclude Include="Source\meshdome.h">
      <Filter>mesh</Filter>
    </ClInclude>
    <ClInclude Include="Source\meshfield.h">
      <Filter>mesh</Filter>
    </ClInclude>
    <ClInclude Include="Source\meshsphere.h">
      <Filter>mesh</Filter>
    </ClInclude>
    <ClInclude Include="Source\meshwall.h">
      <Filter>mesh</Filter>
    </ClInclude>
    <ClInclude Include="Source\targetpoint.h">
      <Filter>mesh</Filter>
    </ClInclude>
    <ClInclude Include="Source\object.h">
      <Filter>object</Filter>
    </ClInclude>
    <ClInclude Include="Source\object_circlegauge2D.h">
      <Filter>object</Filter>
    </ClInclude>
    <ClInclude Include="Source\object2D.h">
      <Filter>object</Filter>
    </ClInclude>
    <ClInclude Include="Source\object2D_Anim.h">
      <Filter>object</Filter>
    </ClInclude>
    <ClInclude Include="Source\object3D.h">
      <Filter>object</Filter>
    </ClInclude>
    <ClInclude Include="Source\object3D_Anim.h">
      <Filter>object</Filter>
    </ClInclude>
    <ClInclude Include="Source\object3DMesh.h">
      <Filter>object</Filter>
    </ClInclude>
    <ClInclude Include="Source\objectBillboard.h">
      <Filter>object</Filter>
    </ClInclude>
    <ClInclude Include="Source\objectBillboard_Anim.h">
      <Filter>object</Filter>
    </ClInclude>
    <ClInclude Include="Source\objectChara.h">
      <Filter>object</Filter>
    </ClInclude>
    <ClInclude Include="Source\objectHierarchy.h">
      <Filter>object</Filter>
    </ClInclude>
    <ClInclude Include="Source\objectX.h">
      <Filter>object</Filter>
    </ClInclude>
    <ClInclude Include="Source\tutorial.h">
      <Filter>mode\tutorial</Filter>
    </ClInclude>
    <ClInclude Include="Source\tutoriallogo.h">
      <Filter>mode\tutorial</Filter>
    </ClInclude>
    <ClInclude Include="Source\input_gamepad.h">
      <Filter>Input</Filter>
    </ClInclude>
    <ClInclude Include="Source\input_keyboard.h">
      <Filter>Input</Filter>
    </ClInclude>
    <ClInclude Include="Source\input_mouse.h">
      <Filter>Input</Filter>
    </ClInclude>
    <ClInclude Include="Source\input.h">
      <Filter>Input</Filter>
    </ClInclude>
    <ClInclude Include="Source\edit_map.h">
      <Filter>edit</Filter>
    </ClInclude>
    <ClInclude Include="Source\ObjectLine.h">
      <Filter>object</Filter>
    </ClInclude>
    <ClInclude Include="Source\collisionLine_Box.h">
      <Filter>edit</Filter>
    </ClInclude>
    <ClInclude Include="Source\handle_Move.h">
      <Filter>handle</Filter>
    </ClInclude>
    <ClInclude Include="Source\edithandle.h">
      <Filter>handle</Filter>
    </ClInclude>
    <ClInclude Include="Source\handle_Scale.h">
      <Filter>handle</Filter>
    </ClInclude>
    <ClInclude Include="Source\multinumber.h">
      <Filter>number</Filter>
    </ClInclude>
    <ClInclude Include="Source\game.h">
      <Filter>mode\game</Filter>
    </ClInclude>
    <ClInclude Include="Source\gamemanager.h">
      <Filter>mode\game</Filter>
    </ClInclude>
    <ClInclude Include="Source\2D_effect.h">
      <Filter>effect</Filter>
    </ClInclude>
    <ClInclude Include="Source\3D_effect.h">
      <Filter>effect</Filter>
    </ClInclude>
    <ClInclude Include="Source\MyEffekseer.h">
      <Filter>effect</Filter>
    </ClInclude>
    <ClInclude Include="Source\precompile.h">
      <Filter>system</Filter>
    </ClInclude>
    <ClInclude Include="Source\sound.h">
      <Filter>system</Filter>
    </ClInclude>
    <ClInclude Include="Source\texture.h">
      <Filter>system</Filter>
    </ClInclude>
    <ClInclude Include="Source\Xload.h">
      <Filter>system</Filter>
    </ClInclude>
    <ClInclude Include="Source\light.h">
      <Filter>system</Filter>
    </ClInclude>
    <ClInclude Include="Source\mylib.h">
      <Filter>system</Filter>
    </ClInclude>
    <ClInclude Include="Source\ranking.h">
      <Filter>mode\ranking</Filter>
    </ClInclude>
    <ClInclude Include="Source\result.h">
      <Filter>mode\result</Filter>
    </ClInclude>
    <ClInclude Include="Source\title.h">
      <Filter>mode\title</Filter>
    </ClInclude>
    <ClInclude Include="Source\main.h">
      <Filter>system</Filter>
    </ClInclude>
    <ClInclude Include="Source\manager.h">
      <Filter>system</Filter>
    </ClInclude>
    <ClInclude Include="Source\renderer.h">
      <Filter>system</Filter>
    </ClInclude>
    <ClInclude Include="Source\listmanager.h">
      <Filter>system</Filter>
    </ClInclude>
    <ClInclude Include="Source\debugproc.h">
      <Filter>system</Filter>
    </ClInclude>
    <ClInclude Include="Source\impactwave.h">
      <Filter>mesh</Filter>
    </ClInclude>
    <ClInclude Include="Source\fog.h">
      <Filter>system</Filter>
    </ClInclude>
    <ClInclude Include="Source\calculation.h">
      <Filter>system</Filter>
    </ClInclude>
    <ClInclude Include="Source\scene.h">
      <Filter>mode</Filter>
    </ClInclude>
    <ClInclude Include="Source\player.h">
      <Filter>player</Filter>
    </ClInclude>
    <ClInclude Include="Source\pause.h">
      <Filter>pause</Filter>
    </ClInclude>
    <ClInclude Include="Source\pause_game.h">
      <Filter>pause</Filter>
    </ClInclude>
    <ClInclude Include="Source\pause_tutorial.h">
      <Filter>pause</Filter>
    </ClInclude>
    <ClInclude Include="Source\loadmanager.h">
      <Filter>load</Filter>
    </ClInclude>
    <ClInclude Include="Source\loadscreen.h">
      <Filter>load</Filter>
    </ClInclude>
    <ClInclude Include="Source\particle.h">
      <Filter>effect</Filter>
    </ClInclude>
    <ClInclude Include="Source\edit.h">
      <Filter>edit</Filter>
    </ClInclude>
    <ClInclude Include="Source\sample_objX.h">
      <Filter>SAMPLE</Filter>
    </ClInclude>
    <ClInclude Include="Source\sample_obj3D.h">
      <Filter>SAMPLE</Filter>
    </ClInclude>
    <ClInclude Include="Source\sample_obj2D.h">
      <Filter>SAMPLE</Filter>
    </ClInclude>
    <ClInclude Include="Source\sample_character.h">
      <Filter>SAMPLE</Filter>
    </ClInclude>
    <ClInclude Include="Source\Imguimanager.h">
      <Filter>Imgui</Filter>
    </ClInclude>
    <ClInclude Include="Source\objectQuaternion.h">
      <Filter>object</Filter>
    </ClInclude>
    <ClInclude Include="Source\myassert.h">
      <Filter>system</Filter>
    </ClInclude>
    <ClInclude Include="Source\camera.h">
      <Filter>camera</Filter>
    </ClInclude>
    <ClInclude Include="Source\camera_motion.h">
      <Filter>camera</Filter>
    </ClInclude>
    <ClInclude Include="Source\camera_motion_trigger.h">
      <Filter>camera</Filter>
    </ClInclude>
    <ClInclude Include="Source\cameratrigger_pass.h">
      <Filter>camera</Filter>
    </ClInclude>
    <ClInclude Include="Source\EffekseerObj.h">
      <Filter>effect</Filter>
    </ClInclude>
    <ClInclude Include="Source\controlkeydisp.h">
      <Filter>ヘッダー ファイル</Filter>
    </ClInclude>
    <ClInclude Include="Source\blackframe.h">
      <Filter>ヘッダー ファイル</Filter>
    </ClInclude>
    <ClInclude Include="Source\instantfade.h">
      <Filter>ヘッダー ファイル</Filter>
    </ClInclude>
    <ClInclude Include="Libraries\Imgui\imconfig.h">
      <Filter>Imgui</Filter>
    </ClInclude>
    <ClInclude Include="Libraries\Imgui\imgui.h">
      <Filter>Imgui</Filter>
    </ClInclude>
    <ClInclude Include="Libraries\Imgui\imgui_impl_dx9.h">
      <Filter>Imgui</Filter>
    </ClInclude>
    <ClInclude Include="Libraries\Imgui\imgui_impl_win32.h">
      <Filter>Imgui</Filter>
    </ClInclude>
    <ClInclude Include="Libraries\Imgui\imgui_internal.h">
      <Filter>Imgui</Filter>
    </ClInclude>
    <ClInclude Include="Libraries\Imgui\implot.h">
      <Filter>Imgui</Filter>
    </ClInclude>
    <ClInclude Include="Libraries\Imgui\implot_internal.h">
      <Filter>Imgui</Filter>
    </ClInclude>
    <ClInclude Include="Libraries\Imgui\imstb_rectpack.h">
      <Filter>Imgui</Filter>
    </ClInclude>
    <ClInclude Include="Libraries\Imgui\imstb_textedit.h">
      <Filter>Imgui</Filter>
    </ClInclude>
    <ClInclude Include="Libraries\Imgui\imstb_truetype.h">
      <Filter>Imgui</Filter>
    </ClInclude>
    <ClInclude Include="Source\camera_debug.h">
      <Filter>camera</Filter>
    </ClInclude>
    <ClInclude Include="Source\font.h">
      <Filter>system</Filter>
    </ClInclude>
    <ClInclude Include="Source\fontChar.h">
      <Filter>system</Filter>
    </ClInclude>
    <ClInclude Include="Source\timer.h">
      <Filter>system</Filter>
    </ClInclude>
    <ClInclude Include="Source\timerUI.h">
      <Filter>ui</Filter>
    </ClInclude>
    <ClInclude Include="Source\timeUI.h">
      <Filter>ui</Filter>
    </ClInclude>
    <ClInclude Include="Source\playerAction.h">
      <Filter>player</Filter>
    </ClInclude>
    <ClInclude Include="Source\playerStatus.h">
      <Filter>player</Filter>
    </ClInclude>
    <ClInclude Include="Source\playerAIcontrol_action.h">
      <Filter>player\playerAI</Filter>
    </ClInclude>
    <ClInclude Include="Source\playerUsercontrol_action.h">
      <Filter>player\playerUser</Filter>
    </ClInclude>
    <ClInclude Include="Source\playerUsercontrol_move.h">
      <Filter>player\playerUser</Filter>
    </ClInclude>
    <ClInclude Include="Source\playerAIcontrol_move.h">
      <Filter>player\playerAI</Filter>
    </ClInclude>
    <ClInclude Include="Source\model.h">
      <Filter>character</Filter>
    </ClInclude>
    <ClInclude Include="Source\motion.h">
      <Filter>character</Filter>
    </ClInclude>
    <ClInclude Include="Source\characterStatus.h">
      <Filter>character</Filter>
    </ClInclude>
    <ClInclude Include="Source\ball.h">
      <Filter>ingame\ball</Filter>
    </ClInclude>
    <ClInclude Include="Source\audience.h">
      <Filter>ingame\audience</Filter>
    </ClInclude>
    <ClInclude Include="Source\audienceAnim.h">
      <Filter>ingame\audience</Filter>
    </ClInclude>
    <ClInclude Include="Source\teamStatus.h">
      <Filter>ingame\team</Filter>
    </ClInclude>
    <ClInclude Include="Source\characterAnim.h">
      <Filter>system</Filter>
    </ClInclude>
    <ClInclude Include="Source\objectCharaAnim.h">
      <Filter>object</Filter>
    </ClInclude>
    <ClInclude Include="Source\lightDir.h">
      <Filter>system</Filter>
    </ClInclude>
    <ClInclude Include="Source\lightManager.h">
      <Filter>system</Filter>
    </ClInclude>
    <ClInclude Include="Source\lightPoint.h">
      <Filter>system</Filter>
    </ClInclude>
    <ClInclude Include="Source\specialManager.h">
      <Filter>ingame\special</Filter>
    </ClInclude>
    <ClInclude Include="Source\cutin.h">
      <Filter>ingame\special</Filter>
    </ClInclude>
    <ClInclude Include="Source\audienceHighPoly.h">
      <Filter>ingame\audience</Filter>
    </ClInclude>
    <ClInclude Include="Source\dressup_hair.h">
      <Filter>character\dressup</Filter>
    </ClInclude>
    <ClInclude Include="Source\dressup.h">
      <Filter>character\dressup</Filter>
    </ClInclude>
    <ClInclude Include="Source\dressup_accessory.h">
      <Filter>character\dressup</Filter>
    </ClInclude>
    <ClInclude Include="Source\gymWall.h">
      <Filter>ingame\gym</Filter>
    </ClInclude>
    <ClInclude Include="Source\gymWallManager.h">
      <Filter>ingame\gym</Filter>
    </ClInclude>
    <ClInclude Include="Source\renderTexture.h">
      <Filter>system</Filter>
    </ClInclude>
    <ClInclude Include="Source\screen.h">
      <Filter>system</Filter>
    </ClInclude>
    <ClInclude Include="Source\audienceLowPoly.h">
      <Filter>ingame\audience</Filter>
    </ClInclude>
    <ClInclude Include="Source\charmManager.h">
      <Filter>ingame\charm</Filter>
    </ClInclude>
    <ClInclude Include="Source\playercontrol.h">
      <Filter>player\playerControl</Filter>
    </ClInclude>
    <ClInclude Include="Source\playercontrol_action.h">
      <Filter>player\playerControl</Filter>
    </ClInclude>
    <ClInclude Include="Source\playercontrol_move.h">
      <Filter>player\playerControl</Filter>
    </ClInclude>
    <ClInclude Include="Source\playerAIcontrol.h">
      <Filter>player\playerAI</Filter>
    </ClInclude>
    <ClInclude Include="Source\playerUserOut_controlMove.h">
      <Filter>player\playerUser</Filter>
    </ClInclude>
    <ClInclude Include="Source\ballStatus.h">
      <Filter>ingame\ball</Filter>
    </ClInclude>
    <ClInclude Include="Source\playerUserIn.h">
      <Filter>player\playerUser</Filter>
    </ClInclude>
    <ClInclude Include="Source\playerUserOut.h">
      <Filter>player\playerUser</Filter>
    </ClInclude>
    <ClInclude Include="Source\playerAIIn.h">
      <Filter>player\playerAI</Filter>
    </ClInclude>
    <ClInclude Include="Source\playerAIOut.h">
      <Filter>player\playerAI</Filter>
    </ClInclude>
    <ClInclude Include="Source\number.h">
      <Filter>number</Filter>
    </ClInclude>
    <ClInclude Include="Source\number_2D.h">
      <Filter>number</Filter>
    </ClInclude>
    <ClInclude Include="Source\number_3D.h">
      <Filter>number</Filter>
    </ClInclude>
    <ClInclude Include="Source\number_Billboard.h">
      <Filter>number</Filter>
    </ClInclude>
    <ClInclude Include="Source\playerPosAdj.h">
      <Filter>player\playerPosAdj</Filter>
    </ClInclude>
    <ClInclude Include="Source\playerPosAdj_in.h">
      <Filter>player\playerPosAdj</Filter>
    </ClInclude>
    <ClInclude Include="Source\playerPosAdj_inRight.h">
      <Filter>player\playerPosAdj</Filter>
    </ClInclude>
    <ClInclude Include="Source\playerPosAdj_inLeft.h">
      <Filter>player\playerPosAdj</Filter>
    </ClInclude>
    <ClInclude Include="Source\playerPosAdj_out.h">
      <Filter>player\playerPosAdj</Filter>
    </ClInclude>
    <ClInclude Include="Source\specialValueManager.h">
      <Filter>ingame\special</Filter>
    </ClInclude>
    <ClInclude Include="Source\specialEffect.h">
      <Filter>ingame\special\effect</Filter>
    </ClInclude>
    <ClInclude Include="Source\specialEffect_kamehameha.h">
      <Filter>ingame\special\effect</Filter>
    </ClInclude>
    <ClInclude Include="Source\bindKey.h">
      <Filter>player\playerUser\KeyBind</Filter>
    </ClInclude>
    <ClInclude Include="Source\bindKeyFront.h">
      <Filter>player\playerUser\KeyBind</Filter>
    </ClInclude>
    <ClInclude Include="Source\bindKeyBack.h">
      <Filter>player\playerUser\KeyBind</Filter>
    </ClInclude>
    <ClInclude Include="Source\bindKeyLeft.h">
      <Filter>player\playerUser\KeyBind</Filter>
    </ClInclude>
    <ClInclude Include="Source\bindKeyRight.h">
      <Filter>player\playerUser\KeyBind</Filter>
    </ClInclude>
    <ClInclude Include="Source\playerAIOut_controlMove.h">
      <Filter>player\playerAI</Filter>
    </ClInclude>
    <ClInclude Include="Source\shader.h">
      <Filter>shader</Filter>
    </ClInclude>
    <ClInclude Include="Source\shaderMono.h">
      <Filter>shader</Filter>
    </ClInclude>
    <ClInclude Include="Source\playerAIOut_control.h">
      <Filter>player\playerAI</Filter>
    </ClInclude>
    <ClInclude Include="Source\playerAIOut_controlAction.h">
      <Filter>player\playerAI</Filter>
    </ClInclude>
    <ClInclude Include="Source\entry.h">
      <Filter>mode\entry</Filter>
    </ClInclude>
    <ClInclude Include="Source\entry_setupTeam.h">
      <Filter>mode\entry</Filter>
    </ClInclude>
    <ClInclude Include="Source\entryscene.h">
      <Filter>mode\entry</Filter>
    </ClInclude>
    <ClInclude Include="Source\titleLogo.h">
      <Filter>mode\title</Filter>
    </ClInclude>
    <ClInclude Include="Source\entry_dressup.h">
      <Filter>mode\entry</Filter>
    </ClInclude>
    <ClInclude Include="Source\charmValueManager.h">
      <Filter>ingame\charm</Filter>
    </ClInclude>
    <ClInclude Include="Source\playerDressup.h">
      <Filter>player</Filter>
    </ClInclude>
    <ClInclude Include="Source\ballHolderMarker.h">
      <Filter>ingame\marker</Filter>
    </ClInclude>
    <ClInclude Include="Source\playerMarker.h">
      <Filter>ingame\marker</Filter>
    </ClInclude>
    <ClInclude Include="Source\resultmanager.h">
      <Filter>mode\result</Filter>
    </ClInclude>
    <ClInclude Include="Source\dressup_face.h">
      <Filter>character\dressup</Filter>
    </ClInclude>
    <ClInclude Include="Source\ballLandingMarker.h">
      <Filter>ingame\marker</Filter>
    </ClInclude>
    <ClInclude Include="Source\charmText.h">
      <Filter>ingame\charm</Filter>
    </ClInclude>
    <ClInclude Include="Source\charmText_Left.h">
      <Filter>ingame\charm</Filter>
    </ClInclude>
    <ClInclude Include="Source\charmText_Right.h">
      <Filter>ingame\charm</Filter>
    </ClInclude>
    <ClInclude Include="Source\playerSpawn.h">
      <Filter>player</Filter>
    </ClInclude>
    <ClInclude Include="Source\gymDoor.h">
      <Filter>ingame\gym</Filter>
    </ClInclude>
    <ClInclude Include="Source\playerIn.h">
      <Filter>player\playerBase</Filter>
    </ClInclude>
    <ClInclude Include="Source\playerBase.h">
      <Filter>player\playerBase</Filter>
    </ClInclude>
    <ClInclude Include="Source\playerOut.h">
      <Filter>player\playerBase</Filter>
    </ClInclude>
    <ClInclude Include="Source\playerNone.h">
      <Filter>player\playerBase</Filter>
    </ClInclude>
    <ClInclude Include="Source\playerPosAdj_none.h">
      <Filter>player\playerPosAdj</Filter>
    </ClInclude>
    <ClInclude Include="Source\playerSpawnManager.h">
      <Filter>player</Filter>
    </ClInclude>
    <ClInclude Include="Source\playerReferee.h">
      <Filter>player</Filter>
    </ClInclude>
    <ClInclude Include="Source\playerAIPosAdj_inLeft.h">
      <Filter>player\playerPosAdj</Filter>
    </ClInclude>
    <ClInclude Include="Source\playerAIPosAdj_inRight.h">
      <Filter>player\playerPosAdj</Filter>
    </ClInclude>
    <ClInclude Include="Source\playerResult.h">
      <Filter>player</Filter>
    </ClInclude>
    <ClInclude Include="Source\startText.h">
      <Filter>ingame\visual</Filter>
    </ClInclude>
    <ClInclude Include="Source\entry_gameSetting.h">
      <Filter>mode\entry</Filter>
    </ClInclude>
    <ClInclude Include="Source\catchSpecial.h">
      <Filter>player\catch</Filter>
    </ClInclude>
    <ClInclude Include="Source\playerAIcontrol_left.h">
      <Filter>player\playerAI</Filter>
    </ClInclude>
    <ClInclude Include="Source\playerAIcontrol_right.h">
      <Filter>player\playerAI</Filter>
    </ClInclude>
    <ClInclude Include="Source\playerManager.h">
      <Filter>player\playerManager</Filter>
    </ClInclude>
    <ClInclude Include="Source\playerManager_game.h">
      <Filter>player\playerManager</Filter>
    </ClInclude>
    <ClInclude Include="Source\playerManager_result.h">
      <Filter>player\playerManager</Filter>
    </ClInclude>
    <ClInclude Include="Source\schoolnurse.h">
      <Filter>ingame\buzz</Filter>
    </ClInclude>
    <ClInclude Include="Source\stretcher.h">
      <Filter>ingame</Filter>
    </ClInclude>
    <ClInclude Include="Source\reporter.h">
      <Filter>ingame\buzz\reporter</Filter>
    </ClInclude>
    <ClInclude Include="Source\reporterSet.h">
      <Filter>ingame\buzz\reporter</Filter>
    </ClInclude>
    <ClInclude Include="Source\renderTextureManager.h">
      <Filter>system</Filter>
    </ClInclude>
    <ClInclude Include="Source\thoughtBalloon.h">
      <Filter>ingame\balloon</Filter>
    </ClInclude>
    <ClInclude Include="Source\char2D.h">
      <Filter>ui</Filter>
    </ClInclude>
    <ClInclude Include="Source\scrollString2D.h">
      <Filter>ui</Filter>
    </ClInclude>
    <ClInclude Include="Source\scrollText2D.h">
      <Filter>ui</Filter>
    </ClInclude>
    <ClInclude Include="Source\string2D.h">
      <Filter>ui</Filter>
    </ClInclude>
    <ClInclude Include="Source\text2D.h">
      <Filter>ui</Filter>
    </ClInclude>
  </ItemGroup>
  <ItemGroup>
    <FxCompile Include="data\SHADER\shaderMono.fx">
      <Filter>shader</Filter>
    </FxCompile>
  </ItemGroup>
</Project>