<?xml version="1.0" encoding="utf-8"?>
<Project ToolsVersion="4.0" xmlns="http://schemas.microsoft.com/developer/msbuild/2003">
  <ItemGroup>
    <Filter Include="ソース ファイル">
      <UniqueIdentifier>{4FC737F1-C7A5-4376-A066-2A32D752A2FF}</UniqueIdentifier>
      <Extensions>cpp;c;cc;cxx;c++;cppm;ixx;def;odl;idl;hpj;bat;asm;asmx</Extensions>
    </Filter>
    <Filter Include="ヘッダー ファイル">
      <UniqueIdentifier>{93995380-89BD-4b04-88EB-625FBE52EBFB}</UniqueIdentifier>
      <Extensions>h;hh;hpp;hxx;h++;hm;inl;inc;ipp;xsd</Extensions>
    </Filter>
    <Filter Include="Imgui">
      <UniqueIdentifier>{d130ff42-1fb1-4aa7-ab20-cdd97731dbbb}</UniqueIdentifier>
    </Filter>
    <Filter Include="mode">
      <UniqueIdentifier>{8ed78e68-f3e7-41dc-9cc0-7b63cd77b384}</UniqueIdentifier>
    </Filter>
    <Filter Include="mode\game">
      <UniqueIdentifier>{0eb85750-4561-457b-ae92-f5851bd80364}</UniqueIdentifier>
    </Filter>
    <Filter Include="mode\title">
      <UniqueIdentifier>{6381e9fa-3d78-45a2-b137-84ae7778a552}</UniqueIdentifier>
    </Filter>
    <Filter Include="mode\result">
      <UniqueIdentifier>{0a99f556-c3f8-45bd-902e-00a3a609794d}</UniqueIdentifier>
    </Filter>
    <Filter Include="mode\tutorial">
      <UniqueIdentifier>{1158ac40-16b8-4c57-8562-5ca3e1e55f39}</UniqueIdentifier>
    </Filter>
    <Filter Include="object">
      <UniqueIdentifier>{c4e92c77-7c07-4b9f-9fb1-1446c52afc86}</UniqueIdentifier>
    </Filter>
    <Filter Include="Input">
      <UniqueIdentifier>{4c565aa9-f542-4696-a91e-bd40a00703a5}</UniqueIdentifier>
    </Filter>
    <Filter Include="edit">
      <UniqueIdentifier>{13b311fc-e62b-41e4-85d8-4d9a470aca1b}</UniqueIdentifier>
    </Filter>
    <Filter Include="handle">
      <UniqueIdentifier>{00b034a6-ba43-4231-b582-279ce60fd58e}</UniqueIdentifier>
    </Filter>
    <Filter Include="number">
      <UniqueIdentifier>{aacfa591-41fc-4721-9668-76abb9b77559}</UniqueIdentifier>
    </Filter>
    <Filter Include="system">
      <UniqueIdentifier>{f05d393f-41f5-4a23-89db-23a3a63a3509}</UniqueIdentifier>
    </Filter>
    <Filter Include="effect">
      <UniqueIdentifier>{0c230d62-f74e-4be5-8dfc-334c7639cc63}</UniqueIdentifier>
    </Filter>
    <Filter Include="mode\ranking">
      <UniqueIdentifier>{3ddc1dc7-e100-4f76-aeae-24d4a8e452e8}</UniqueIdentifier>
    </Filter>
    <Filter Include="player">
      <UniqueIdentifier>{3fbd0f1c-b35a-40db-9b90-06cace47db05}</UniqueIdentifier>
    </Filter>
    <Filter Include="pause">
      <UniqueIdentifier>{fc5743ad-4684-466c-907f-8c561384ca6c}</UniqueIdentifier>
    </Filter>
    <Filter Include="load">
      <UniqueIdentifier>{48e287cf-d433-41b9-b663-ce7532f57c06}</UniqueIdentifier>
    </Filter>
    <Filter Include="SAMPLE">
      <UniqueIdentifier>{2f9d7de0-6038-4373-9537-6c74de8f2e2c}</UniqueIdentifier>
    </Filter>
    <Filter Include="baggage">
      <UniqueIdentifier>{9312ed64-aead-4f02-884d-1467aecdfe3c}</UniqueIdentifier>
    </Filter>
    <Filter Include="map">
      <UniqueIdentifier>{16fc8c4d-80db-41aa-b4a0-e8ed95d5486c}</UniqueIdentifier>
    </Filter>
    <Filter Include="keyconfig">
      <UniqueIdentifier>{798ed9c4-d084-4216-885c-c23d994aee58}</UniqueIdentifier>
    </Filter>
    <Filter Include="command">
      <UniqueIdentifier>{f9df59bd-df30-4c9f-be88-fe4191d03760}</UniqueIdentifier>
    </Filter>
    <Filter Include="stencilshadow">
      <UniqueIdentifier>{d49e048e-3507-4b91-8671-e64951f03076}</UniqueIdentifier>
    </Filter>
    <Filter Include="mesh">
      <UniqueIdentifier>{1f7adde7-2f38-4f5d-814f-5faf4199524b}</UniqueIdentifier>
    </Filter>
    <Filter Include="spline">
      <UniqueIdentifier>{73b62fcf-2ec5-4f75-8e8d-02b969ec04f7}</UniqueIdentifier>
    </Filter>
    <Filter Include="judgezone">
      <UniqueIdentifier>{ae95b690-57e5-4285-938f-297e3c57799b}</UniqueIdentifier>
    </Filter>
    <Filter Include="water">
      <UniqueIdentifier>{23c6135c-c662-4da9-acab-bf5212e4ea4f}</UniqueIdentifier>
    </Filter>
    <Filter Include="map\course">
      <UniqueIdentifier>{2eb08385-ae14-4060-b707-e8d0fa121325}</UniqueIdentifier>
    </Filter>
    <Filter Include="map\checkpoint">
      <UniqueIdentifier>{e351929e-a465-4c59-a3fc-a361fb2bc776}</UniqueIdentifier>
    </Filter>
    <Filter Include="map\goal">
      <UniqueIdentifier>{6ab27bb6-67f7-4892-aeae-7674ac92e332}</UniqueIdentifier>
    </Filter>
    <Filter Include="map\mesh">
      <UniqueIdentifier>{f3feccb1-469b-43fc-9949-2130e35ef250}</UniqueIdentifier>
    </Filter>
    <Filter Include="map_ui">
      <UniqueIdentifier>{071d1a04-b7ef-47ca-9c8e-b5efa874ece7}</UniqueIdentifier>
    </Filter>
    <Filter Include="people">
      <UniqueIdentifier>{351e9aaa-1bfc-4e1d-a9d4-0747c087991a}</UniqueIdentifier>
    </Filter>
    <Filter Include="direction">
      <UniqueIdentifier>{bcb387e5-91a8-4710-89c2-85baea526e16}</UniqueIdentifier>
    </Filter>
    <Filter Include="map\block">
      <UniqueIdentifier>{c87c2e42-68a2-4d0b-8740-3c215e412e7a}</UniqueIdentifier>
    </Filter>
    <Filter Include="map\obstacle">
      <UniqueIdentifier>{217adfda-8342-44ff-91fb-d739b9a6849f}</UniqueIdentifier>
    </Filter>
    <Filter Include="camera">
      <UniqueIdentifier>{61f2cd6c-2c60-4c7d-9eec-19d2b4f10eea}</UniqueIdentifier>
    </Filter>
    <Filter Include="direction\catch">
      <UniqueIdentifier>{3eac656b-ab26-4fd8-b449-744fefb0f633}</UniqueIdentifier>
    </Filter>
    <Filter Include="movie">
      <UniqueIdentifier>{e2482c0c-32f9-41d9-a54c-3f7ab6957689}</UniqueIdentifier>
    </Filter>
    <Filter Include="direction\splash">
      <UniqueIdentifier>{443db5dc-5c30-41a3-8979-4f0e5a88dee6}</UniqueIdentifier>
    </Filter>
    <Filter Include="ui">
      <UniqueIdentifier>{5e89cb79-2b0e-4eaf-83b1-a777349b7e7c}</UniqueIdentifier>
    </Filter>
    <Filter Include="ui\guide">
      <UniqueIdentifier>{309beb60-8c7f-478a-98a0-4b8baa1e0d42}</UniqueIdentifier>
    </Filter>
    <Filter Include="direction\ascension">
      <UniqueIdentifier>{c9db0c57-1554-4691-b321-f54864fb0e81}</UniqueIdentifier>
    </Filter>
    <Filter Include="map\waterstone">
      <UniqueIdentifier>{2ab656b8-7b95-477c-af25-e5095936ee74}</UniqueIdentifier>
    </Filter>
    <Filter Include="map\frontobj">
      <UniqueIdentifier>{407d394f-2207-4529-813b-058ac443e12c}</UniqueIdentifier>
    </Filter>
    <Filter Include="direction\scroll">
      <UniqueIdentifier>{43a00958-1255-4847-8500-df8424cd6811}</UniqueIdentifier>
    </Filter>
    <Filter Include="direction\leaf">
      <UniqueIdentifier>{d5d3f913-e097-4560-acf1-c1b9337af4b6}</UniqueIdentifier>
    </Filter>
    <Filter Include="mode\title\option">
      <UniqueIdentifier>{071c6caf-4a75-4dc3-ba28-3d5004e3a149}</UniqueIdentifier>
    </Filter>
    <Filter Include="direction\selectdraw">
      <UniqueIdentifier>{39678907-4341-4d1a-9e0e-73a4bd4b8b2c}</UniqueIdentifier>
    </Filter>
    <Filter Include="direction\environment">
      <UniqueIdentifier>{36289781-538c-4851-b055-f7d843794c23}</UniqueIdentifier>
    </Filter>
    <Filter Include="direction\goalgame">
      <UniqueIdentifier>{b57d6cd1-5d88-4e66-847f-31821740f1e4}</UniqueIdentifier>
    </Filter>
    <Filter Include="lostrssmanager">
      <UniqueIdentifier>{28071454-2189-45fa-94c3-5874bdcb4372}</UniqueIdentifier>
    </Filter>
    <Filter Include="map\judge">
      <UniqueIdentifier>{737f2374-27ba-4d0d-8a36-99b346543f00}</UniqueIdentifier>
    </Filter>
  </ItemGroup>
  <ItemGroup>
    <ClCompile Include="Source\ballast.cpp">
      <Filter>ソース ファイル</Filter>
    </ClCompile>
    <ClCompile Include="Source\battlestart.cpp">
      <Filter>ソース ファイル</Filter>
    </ClCompile>
    <ClCompile Include="Source\battlestart_effect.cpp">
      <Filter>ソース ファイル</Filter>
    </ClCompile>
    <ClCompile Include="Source\beforebattle.cpp">
      <Filter>ソース ファイル</Filter>
    </ClCompile>
    <ClCompile Include="Source\blackframe.cpp">
      <Filter>ソース ファイル</Filter>
    </ClCompile>
    <ClCompile Include="Source\collisionobject.cpp">
      <Filter>ソース ファイル</Filter>
    </ClCompile>
    <ClCompile Include="Source\fade.cpp">
      <Filter>ソース ファイル</Filter>
    </ClCompile>
    <ClCompile Include="Source\hp_gauge.cpp">
      <Filter>ソース ファイル</Filter>
    </ClCompile>
    <ClCompile Include="Source\hp_gauge_tip.cpp">
      <Filter>ソース ファイル</Filter>
    </ClCompile>
    <ClCompile Include="Source\hp_gauge_tip_billboard.cpp">
      <Filter>ソース ファイル</Filter>
    </ClCompile>
    <ClCompile Include="Source\instantfade.cpp">
      <Filter>ソース ファイル</Filter>
    </ClCompile>
    <ClCompile Include="Source\limitarea.cpp">
      <Filter>ソース ファイル</Filter>
    </ClCompile>
    <ClCompile Include="Source\map.cpp">
      <Filter>ソース ファイル</Filter>
    </ClCompile>
    <ClCompile Include="Source\model.cpp">
      <Filter>ソース ファイル</Filter>
    </ClCompile>
    <ClCompile Include="Source\motion.cpp">
      <Filter>ソース ファイル</Filter>
    </ClCompile>
    <ClCompile Include="Source\pickupguide.cpp">
      <Filter>ソース ファイル</Filter>
    </ClCompile>
    <ClCompile Include="Source\rockon_marker.cpp">
      <Filter>ソース ファイル</Filter>
    </ClCompile>
    <ClCompile Include="Source\score.cpp">
      <Filter>ソース ファイル</Filter>
    </ClCompile>
    <ClCompile Include="Source\shadow.cpp">
      <Filter>ソース ファイル</Filter>
    </ClCompile>
    <ClCompile Include="Source\stage.cpp">
      <Filter>ソース ファイル</Filter>
    </ClCompile>
    <ClCompile Include="Source\stagecleartext.cpp">
      <Filter>ソース ファイル</Filter>
    </ClCompile>
    <ClCompile Include="Source\stagename.cpp">
      <Filter>ソース ファイル</Filter>
    </ClCompile>
    <ClCompile Include="Source\timer.cpp">
      <Filter>ソース ファイル</Filter>
    </ClCompile>
    <ClCompile Include="Source\meshcylinder.cpp">
      <Filter>mesh</Filter>
    </ClCompile>
    <ClCompile Include="Source\meshdome.cpp">
      <Filter>mesh</Filter>
    </ClCompile>
    <ClCompile Include="Source\meshfield.cpp">
      <Filter>mesh</Filter>
    </ClCompile>
    <ClCompile Include="Source\meshsphere.cpp">
      <Filter>mesh</Filter>
    </ClCompile>
    <ClCompile Include="Source\meshwall.cpp">
      <Filter>mesh</Filter>
    </ClCompile>
    <ClCompile Include="Source\targetpoint.cpp">
      <Filter>mesh</Filter>
    </ClCompile>
    <ClCompile Include="Source\object.cpp">
      <Filter>object</Filter>
    </ClCompile>
    <ClCompile Include="Source\object_circlegauge2D.cpp">
      <Filter>object</Filter>
    </ClCompile>
    <ClCompile Include="Source\object2D.cpp">
      <Filter>object</Filter>
    </ClCompile>
    <ClCompile Include="Source\object2D_Anim.cpp">
      <Filter>object</Filter>
    </ClCompile>
    <ClCompile Include="Source\object2D_gauge.cpp">
      <Filter>object</Filter>
    </ClCompile>
    <ClCompile Include="Source\object3D.cpp">
      <Filter>object</Filter>
    </ClCompile>
    <ClCompile Include="Source\object3D_Anim.cpp">
      <Filter>object</Filter>
    </ClCompile>
    <ClCompile Include="Source\object3DMesh.cpp">
      <Filter>object</Filter>
    </ClCompile>
    <ClCompile Include="Source\objectBillboard.cpp">
      <Filter>object</Filter>
    </ClCompile>
    <ClCompile Include="Source\objectBillboard_Anim.cpp">
      <Filter>object</Filter>
    </ClCompile>
    <ClCompile Include="Source\objectChara.cpp">
      <Filter>object</Filter>
    </ClCompile>
    <ClCompile Include="Source\objectHierarchy.cpp">
      <Filter>object</Filter>
    </ClCompile>
    <ClCompile Include="Source\objectX.cpp">
      <Filter>object</Filter>
    </ClCompile>
    <ClCompile Include="Source\game_pressenter.cpp">
      <Filter>mode\game</Filter>
    </ClCompile>
    <ClCompile Include="Source\tutorial.cpp">
      <Filter>mode\tutorial</Filter>
    </ClCompile>
    <ClCompile Include="Source\tutoriallogo.cpp">
      <Filter>mode\tutorial</Filter>
    </ClCompile>
    <ClCompile Include="Libraries\Imgui\imgui.cpp">
      <Filter>Imgui</Filter>
    </ClCompile>
    <ClCompile Include="Libraries\Imgui\imgui_demo.cpp">
      <Filter>Imgui</Filter>
    </ClCompile>
    <ClCompile Include="Libraries\Imgui\imgui_draw.cpp">
      <Filter>Imgui</Filter>
    </ClCompile>
    <ClCompile Include="Libraries\Imgui\imgui_impl_dx9.cpp">
      <Filter>Imgui</Filter>
    </ClCompile>
    <ClCompile Include="Libraries\Imgui\imgui_impl_win32.cpp">
      <Filter>Imgui</Filter>
    </ClCompile>
    <ClCompile Include="Libraries\Imgui\imgui_tables.cpp">
      <Filter>Imgui</Filter>
    </ClCompile>
    <ClCompile Include="Libraries\Imgui\imgui_widgets.cpp">
      <Filter>Imgui</Filter>
    </ClCompile>
    <ClCompile Include="Libraries\Imgui\implot.cpp">
      <Filter>Imgui</Filter>
    </ClCompile>
    <ClCompile Include="Libraries\Imgui\implot_items.cpp">
      <Filter>Imgui</Filter>
    </ClCompile>
    <ClCompile Include="Source\input_gamepad.cpp">
      <Filter>Input</Filter>
    </ClCompile>
    <ClCompile Include="Source\input_keyboard.cpp">
      <Filter>Input</Filter>
    </ClCompile>
    <ClCompile Include="Source\input_mouse.cpp">
      <Filter>Input</Filter>
    </ClCompile>
    <ClCompile Include="Source\input.cpp">
      <Filter>Input</Filter>
    </ClCompile>
    <ClCompile Include="Source\edit_map.cpp">
      <Filter>edit</Filter>
    </ClCompile>
    <ClCompile Include="Source\ObjectLine.cpp">
      <Filter>object</Filter>
    </ClCompile>
    <ClCompile Include="Source\collisionLine_Box.cpp">
      <Filter>edit</Filter>
    </ClCompile>
    <ClCompile Include="Source\handle_Move.cpp">
      <Filter>handle</Filter>
    </ClCompile>
    <ClCompile Include="Source\edithandle.cpp">
      <Filter>handle</Filter>
    </ClCompile>
    <ClCompile Include="Source\handle_Scale.cpp">
      <Filter>handle</Filter>
    </ClCompile>
    <ClCompile Include="Source\number.cpp">
      <Filter>number</Filter>
    </ClCompile>
    <ClCompile Include="Source\number_2D.cpp">
      <Filter>number</Filter>
    </ClCompile>
    <ClCompile Include="Source\number_3D.cpp">
      <Filter>number</Filter>
    </ClCompile>
    <ClCompile Include="Source\number_Billboard.cpp">
      <Filter>number</Filter>
    </ClCompile>
    <ClCompile Include="Source\multinumber.cpp">
      <Filter>number</Filter>
    </ClCompile>
    <ClCompile Include="Source\game.cpp">
      <Filter>mode\game</Filter>
    </ClCompile>
    <ClCompile Include="Source\game_tutorial.cpp">
      <Filter>mode\game</Filter>
    </ClCompile>
    <ClCompile Include="Source\gamemanager.cpp">
      <Filter>mode\game</Filter>
    </ClCompile>
    <ClCompile Include="Source\damagepoint.cpp">
      <Filter>ソース ファイル</Filter>
    </ClCompile>
    <ClCompile Include="Source\2D_effect.cpp">
      <Filter>effect</Filter>
    </ClCompile>
    <ClCompile Include="Source\3D_effect.cpp">
      <Filter>effect</Filter>
    </ClCompile>
    <ClCompile Include="Source\MyEffekseer.cpp">
      <Filter>effect</Filter>
    </ClCompile>
    <ClCompile Include="Source\precompile.cpp">
      <Filter>system</Filter>
    </ClCompile>
    <ClCompile Include="Source\sound.cpp">
      <Filter>system</Filter>
    </ClCompile>
    <ClCompile Include="Source\texture.cpp">
      <Filter>system</Filter>
    </ClCompile>
    <ClCompile Include="Source\Xload.cpp">
      <Filter>system</Filter>
    </ClCompile>
    <ClCompile Include="Source\light.cpp">
      <Filter>system</Filter>
    </ClCompile>
    <ClCompile Include="Source\mylib.cpp">
      <Filter>system</Filter>
    </ClCompile>
    <ClCompile Include="Source\ranking.cpp">
      <Filter>mode\ranking</Filter>
    </ClCompile>
    <ClCompile Include="Source\rankingmanager.cpp">
      <Filter>mode\ranking</Filter>
    </ClCompile>
    <ClCompile Include="Source\rankingscore.cpp">
      <Filter>mode\ranking</Filter>
    </ClCompile>
    <ClCompile Include="Source\resultscore.cpp">
      <Filter>mode\result</Filter>
    </ClCompile>
    <ClCompile Include="Source\resultmanager.cpp">
      <Filter>mode\result</Filter>
    </ClCompile>
    <ClCompile Include="Source\result.cpp">
      <Filter>mode\result</Filter>
    </ClCompile>
    <ClCompile Include="Source\title.cpp">
      <Filter>mode\title</Filter>
    </ClCompile>
    <ClCompile Include="Source\title_pressenter.cpp">
      <Filter>mode\title</Filter>
    </ClCompile>
    <ClCompile Include="Source\titlelogo.cpp">
      <Filter>mode\title</Filter>
    </ClCompile>
    <ClCompile Include="Source\main.cpp">
      <Filter>system</Filter>
    </ClCompile>
    <ClCompile Include="Source\manager.cpp">
      <Filter>system</Filter>
    </ClCompile>
    <ClCompile Include="Source\renderer.cpp">
      <Filter>system</Filter>
    </ClCompile>
    <ClCompile Include="Source\listmanager.cpp">
      <Filter>system</Filter>
    </ClCompile>
    <ClCompile Include="Source\debugproc.cpp">
      <Filter>system</Filter>
    </ClCompile>
    <ClCompile Include="Source\impactwave.cpp">
      <Filter>mesh</Filter>
    </ClCompile>
    <ClCompile Include="Source\fog.cpp">
      <Filter>system</Filter>
    </ClCompile>
    <ClCompile Include="Source\scene.cpp">
      <Filter>mode</Filter>
    </ClCompile>
    <ClCompile Include="Source\player.cpp">
      <Filter>player</Filter>
    </ClCompile>
    <ClCompile Include="Source\playercontrol.cpp">
      <Filter>player</Filter>
    </ClCompile>
    <ClCompile Include="Source\pause.cpp">
      <Filter>pause</Filter>
    </ClCompile>
    <ClCompile Include="Source\pause_game.cpp">
      <Filter>pause</Filter>
    </ClCompile>
    <ClCompile Include="Source\pause_tutorial.cpp">
      <Filter>pause</Filter>
    </ClCompile>
    <ClCompile Include="Source\loadmanager.cpp">
      <Filter>load</Filter>
    </ClCompile>
    <ClCompile Include="Source\loadscreen.cpp">
      <Filter>load</Filter>
    </ClCompile>
    <ClCompile Include="Source\particle.cpp">
      <Filter>effect</Filter>
    </ClCompile>
    <ClCompile Include="Source\edit.cpp">
      <Filter>edit</Filter>
    </ClCompile>
    <ClCompile Include="Source\sample_objX.cpp">
      <Filter>SAMPLE</Filter>
    </ClCompile>
    <ClCompile Include="Source\goalflag.cpp">
      <Filter>map\goal</Filter>
    </ClCompile>
    <ClCompile Include="Source\sample_obj2D.cpp">
      <Filter>SAMPLE</Filter>
    </ClCompile>
    <ClCompile Include="Source\sample_obj3D.cpp">
      <Filter>SAMPLE</Filter>
    </ClCompile>
    <ClCompile Include="Source\checkpoint.cpp">
      <Filter>map\checkpoint</Filter>
    </ClCompile>
    <ClCompile Include="Source\sample_character.cpp">
      <Filter>SAMPLE</Filter>
    </ClCompile>
    <ClCompile Include="Source\baggage.cpp">
      <Filter>baggage</Filter>
    </ClCompile>
    <ClCompile Include="Source\debug_bressrange.cpp">
      <Filter>SAMPLE</Filter>
    </ClCompile>
    <ClCompile Include="Source\edit_obstacle.cpp">
      <Filter>edit</Filter>
    </ClCompile>
    <ClCompile Include="Source\Imguimanager.cpp">
      <Filter>Imgui</Filter>
    </ClCompile>
    <ClCompile Include="Source\keyconfig.cpp">
      <Filter>keyconfig</Filter>
    </ClCompile>
    <ClCompile Include="Source\keyconfig_gamepad.cpp">
      <Filter>keyconfig</Filter>
    </ClCompile>
    <ClCompile Include="Source\objectQuaternion.cpp">
      <Filter>object</Filter>
    </ClCompile>
    <ClCompile Include="Source\edit_course.cpp">
      <Filter>edit</Filter>
    </ClCompile>
    <ClCompile Include="Source\course.cpp">
      <Filter>map\course</Filter>
    </ClCompile>
    <ClCompile Include="Source\elevation.cpp">
      <Filter>mesh</Filter>
    </ClCompile>
    <ClCompile Include="Source\command.cpp">
      <Filter>command</Filter>
    </ClCompile>
    <ClCompile Include="Source\command_group.cpp">
      <Filter>command</Filter>
    </ClCompile>
    <ClCompile Include="Source\retryui.cpp">
      <Filter>ソース ファイル</Filter>
    </ClCompile>
    <ClCompile Include="Source\stencilshadow.cpp">
      <Filter>stencilshadow</Filter>
    </ClCompile>
    <ClCompile Include="Source\baggageManager.cpp">
      <Filter>baggage</Filter>
    </ClCompile>
    <ClCompile Include="Source\spline.cpp">
      <Filter>spline</Filter>
    </ClCompile>
    <ClCompile Include="Source\judgezone.cpp">
      <Filter>judgezone</Filter>
    </ClCompile>
    <ClCompile Include="Source\judgezoneManager.cpp">
      <Filter>judgezone</Filter>
    </ClCompile>
    <ClCompile Include="Source\myassert.cpp">
      <Filter>system</Filter>
    </ClCompile>
    <ClCompile Include="Source\judge.cpp">
      <Filter>judgezone</Filter>
    </ClCompile>
    <ClCompile Include="Source\waterripple.cpp">
      <Filter>water</Filter>
    </ClCompile>
    <ClCompile Include="Source\waterfield.cpp">
      <Filter>water</Filter>
    </ClCompile>
    <ClCompile Include="Source\waterfield_right.cpp">
      <Filter>water</Filter>
    </ClCompile>
    <ClCompile Include="Source\waterfield_left.cpp">
      <Filter>water</Filter>
    </ClCompile>
    <ClCompile Include="Source\meshbubble.cpp">
      <Filter>water</Filter>
    </ClCompile>
    <ClCompile Include="Source\convert.cpp">
      <Filter>system</Filter>
    </ClCompile>
    <ClCompile Include="Source\mapmesh.cpp">
      <Filter>map\mesh</Filter>
    </ClCompile>
    <ClCompile Include="Source\stonewall.cpp">
      <Filter>map\mesh</Filter>
    </ClCompile>
    <ClCompile Include="Source\stonewall_front.cpp">
      <Filter>map\mesh</Filter>
    </ClCompile>
    <ClCompile Include="Source\townfield_sinuous.cpp">
      <Filter>map\mesh</Filter>
    </ClCompile>
    <ClCompile Include="Source\townfield_sinuous_front.cpp">
      <Filter>map\mesh</Filter>
    </ClCompile>
    <ClCompile Include="Source\judgeobj.cpp">
      <Filter>judgezone</Filter>
    </ClCompile>
    <ClCompile Include="Source\judgestatefunc.cpp">
      <Filter>judgezone</Filter>
    </ClCompile>
    <ClCompile Include="Source\edit_judgezone.cpp">
      <Filter>edit</Filter>
    </ClCompile>
    <ClCompile Include="Source\map_ui.cpp">
      <Filter>map_ui</Filter>
    </ClCompile>
    <ClCompile Include="Source\edit_waterstone.cpp">
      <Filter>edit</Filter>
    </ClCompile>
    <ClCompile Include="Source\people.cpp">
      <Filter>people</Filter>
    </ClCompile>
    <ClCompile Include="Source\glassclush.cpp">
      <Filter>direction</Filter>
    </ClCompile>
    <ClCompile Include="Source\courseManager.cpp">
      <Filter>map\course</Filter>
    </ClCompile>
    <ClCompile Include="Source\map_block.cpp">
      <Filter>map\block</Filter>
    </ClCompile>
    <ClCompile Include="Source\obstacle_fisharch.cpp">
      <Filter>map\obstacle</Filter>
    </ClCompile>
    <ClCompile Include="Source\obstacle_birdcircle.cpp">
      <Filter>map\obstacle</Filter>
    </ClCompile>
    <ClCompile Include="Source\peoplemanager.cpp">
      <Filter>people</Filter>
    </ClCompile>
    <ClCompile Include="Source\countdown_start.cpp">
      <Filter>direction</Filter>
    </ClCompile>
    <ClCompile Include="Source\request_people.cpp">
      <Filter>people</Filter>
    </ClCompile>
    <ClCompile Include="Source\camera.cpp">
      <Filter>camera</Filter>
    </ClCompile>
    <ClCompile Include="Source\camera_motion.cpp">
      <Filter>camera</Filter>
    </ClCompile>
    <ClCompile Include="Source\subtitle.cpp">
      <Filter>direction</Filter>
    </ClCompile>
    <ClCompile Include="Source\catchresult.cpp">
      <Filter>direction\catch</Filter>
    </ClCompile>
    <ClCompile Include="Source\catchresult_OK.cpp">
      <Filter>direction\catch</Filter>
    </ClCompile>
    <ClCompile Include="Source\catchresult_FAIL.cpp">
      <Filter>direction\catch</Filter>
    </ClCompile>
    <ClCompile Include="Source\timer_result.cpp">
      <Filter>mode\result</Filter>
    </ClCompile>
    <ClCompile Include="Source\clearrank.cpp">
      <Filter>mode\result</Filter>
    </ClCompile>
    <ClCompile Include="Source\toatalrank.cpp">
      <Filter>mode\result</Filter>
    </ClCompile>
    <ClCompile Include="Source\receiver_people.cpp">
      <Filter>people</Filter>
    </ClCompile>
    <ClCompile Include="Source\camera_motion_trigger.cpp">
      <Filter>camera</Filter>
    </ClCompile>
    <ClCompile Include="Source\cameratrigger_pass.cpp">
      <Filter>camera</Filter>
    </ClCompile>
    <ClCompile Include="Source\townfield_fixedplane.cpp">
      <Filter>map\mesh</Filter>
    </ClCompile>
    <ClCompile Include="Source\EffekseerObj.cpp">
      <Filter>effect</Filter>
    </ClCompile>
    <ClCompile Include="Source\movie.cpp">
      <Filter>movie</Filter>
    </ClCompile>
    <ClCompile Include="Source\splashwater.cpp">
      <Filter>direction\splash</Filter>
    </ClCompile>
    <ClCompile Include="Source\splashwater_bg.cpp">
      <Filter>direction\splash</Filter>
    </ClCompile>
    <ClCompile Include="Source\splashwater_manager.cpp">
      <Filter>direction\splash</Filter>
    </ClCompile>
    <ClCompile Include="Source\skip_ui.cpp">
      <Filter>ui</Filter>
    </ClCompile>
    <ClCompile Include="Source\discovery.cpp">
      <Filter>direction</Filter>
    </ClCompile>
    <ClCompile Include="Source\keyconfig_keyboard.cpp">
      <Filter>keyconfig</Filter>
    </ClCompile>
    <ClCompile Include="Source\guide.cpp">
      <Filter>ui\guide</Filter>
    </ClCompile>
    <ClCompile Include="Source\deadplayer.cpp">
      <Filter>direction\ascension</Filter>
    </ClCompile>
    <ClCompile Include="Source\ascensionCylinder.cpp">
      <Filter>direction\ascension</Filter>
    </ClCompile>
    <ClCompile Include="Source\kite.cpp">
      <Filter>people</Filter>
    </ClCompile>
    <ClCompile Include="Source\serifeffect.cpp">
      <Filter>ソース ファイル</Filter>
    </ClCompile>
    <ClCompile Include="Source\map_obstacle.cpp">
      <Filter>map\obstacle</Filter>
    </ClCompile>
    <ClCompile Include="Source\map_obstacle_motion.cpp">
      <Filter>map\obstacle</Filter>
    </ClCompile>
    <ClCompile Include="Source\map_obstacle_obj.cpp">
      <Filter>map\obstacle</Filter>
    </ClCompile>
    <ClCompile Include="Source\map_obstacleManager.cpp">
      <Filter>map\obstacle</Filter>
    </ClCompile>
    <ClCompile Include="Source\waterstone.cpp">
      <Filter>map\waterstone</Filter>
    </ClCompile>
    <ClCompile Include="Source\waterstoneManager.cpp">
      <Filter>map\waterstone</Filter>
    </ClCompile>
    <ClCompile Include="Source\edit_mapblock.cpp">
      <Filter>edit</Filter>
    </ClCompile>
    <ClCompile Include="Source\frontobj_manager.cpp">
      <Filter>map\frontobj</Filter>
    </ClCompile>
    <ClCompile Include="Source\scroll.cpp">
      <Filter>direction\scroll</Filter>
    </ClCompile>
    <ClCompile Include="Source\leaf.cpp">
      <Filter>direction\leaf</Filter>
    </ClCompile>
    <ClCompile Include="Source\controlkeydisp.cpp">
      <Filter>ソース ファイル</Filter>
    </ClCompile>
    <ClCompile Include="Source\leaf_flow.cpp">
      <Filter>direction\leaf</Filter>
    </ClCompile>
    <ClCompile Include="Source\tree.cpp">
      <Filter>map</Filter>
    </ClCompile>
    <ClCompile Include="Source\title_select.cpp">
      <Filter>mode\title</Filter>
    </ClCompile>
    <ClCompile Include="Source\result_people.cpp">
      <Filter>people</Filter>
    </ClCompile>
    <ClCompile Include="Source\cameratrigger_result.cpp">
      <Filter>camera</Filter>
    </ClCompile>
    <ClCompile Include="Source\title_optionselect.cpp">
      <Filter>mode\title</Filter>
    </ClCompile>
    <ClCompile Include="Source\optionmenu.cpp">
      <Filter>mode\title\option</Filter>
    </ClCompile>
    <ClCompile Include="Source\optionmenu_sound.cpp">
      <Filter>mode\title\option</Filter>
    </ClCompile>
    <ClCompile Include="Source\selectdraw.cpp">
      <Filter>direction\selectdraw</Filter>
    </ClCompile>
    <ClCompile Include="Source\suffocation.cpp">
      <Filter>direction</Filter>
    </ClCompile>
    <ClCompile Include="Source\optionmenu_keyconfig.cpp">
      <Filter>mode\title\option</Filter>
    </ClCompile>
    <ClCompile Include="Source\optionmenu_other.cpp">
      <Filter>mode\title\option</Filter>
    </ClCompile>
    <ClCompile Include="Source\rankingItem.cpp">
      <Filter>mode\ranking</Filter>
    </ClCompile>
    <ClCompile Include="Source\rankingItem_top3.cpp">
      <Filter>mode\ranking</Filter>
    </ClCompile>
    <ClCompile Include="Source\course_title.cpp">
      <Filter>map\course</Filter>
    </ClCompile>
    <ClCompile Include="Source\environment.cpp">
      <Filter>direction\environment</Filter>
    </ClCompile>
    <ClCompile Include="Source\goalgametext.cpp">
      <Filter>direction\goalgame</Filter>
    </ClCompile>
    <ClCompile Include="Source\lostrssmanager.cpp">
      <Filter>lostrssmanager</Filter>
    </ClCompile>
    <ClCompile Include="Source\judgeitem.cpp">
      <Filter>map\judge</Filter>
    </ClCompile>
    <ClCompile Include="Source\judgeitemManager.cpp">
      <Filter>map\judge</Filter>
    </ClCompile>
  </ItemGroup>
  <ItemGroup>
    <ClInclude Include="Source\ballast.h">
      <Filter>ヘッダー ファイル</Filter>
    </ClInclude>
    <ClInclude Include="Source\battlestart.h">
      <Filter>ヘッダー ファイル</Filter>
    </ClInclude>
    <ClInclude Include="Source\battlestart_effect.h">
      <Filter>ヘッダー ファイル</Filter>
    </ClInclude>
    <ClInclude Include="Source\beforebattle.h">
      <Filter>ヘッダー ファイル</Filter>
    </ClInclude>
    <ClInclude Include="Source\blackframe.h">
      <Filter>ヘッダー ファイル</Filter>
    </ClInclude>
    <ClInclude Include="Source\collisionobject.h">
      <Filter>ヘッダー ファイル</Filter>
    </ClInclude>
    <ClInclude Include="Source\constans.h">
      <Filter>ヘッダー ファイル</Filter>
    </ClInclude>
    <ClInclude Include="Source\fade.h">
      <Filter>ヘッダー ファイル</Filter>
    </ClInclude>
    <ClInclude Include="Source\hp_gauge.h">
      <Filter>ヘッダー ファイル</Filter>
    </ClInclude>
    <ClInclude Include="Source\hp_gauge_tip.h">
      <Filter>ヘッダー ファイル</Filter>
    </ClInclude>
    <ClInclude Include="Source\hp_gauge_tip_billboard.h">
      <Filter>ヘッダー ファイル</Filter>
    </ClInclude>
    <ClInclude Include="Source\instantfade.h">
      <Filter>ヘッダー ファイル</Filter>
    </ClInclude>
    <ClInclude Include="Source\limitarea.h">
      <Filter>ヘッダー ファイル</Filter>
    </ClInclude>
    <ClInclude Include="Source\map.h">
      <Filter>ヘッダー ファイル</Filter>
    </ClInclude>
    <ClInclude Include="Source\model.h">
      <Filter>ヘッダー ファイル</Filter>
    </ClInclude>
    <ClInclude Include="Source\motion.h">
      <Filter>ヘッダー ファイル</Filter>
    </ClInclude>
    <ClInclude Include="Source\pickupguide.h">
      <Filter>ヘッダー ファイル</Filter>
    </ClInclude>
    <ClInclude Include="Source\rockon_marker.h">
      <Filter>ヘッダー ファイル</Filter>
    </ClInclude>
    <ClInclude Include="Source\shadow.h">
      <Filter>ヘッダー ファイル</Filter>
    </ClInclude>
    <ClInclude Include="Source\stage.h">
      <Filter>ヘッダー ファイル</Filter>
    </ClInclude>
    <ClInclude Include="Source\stagecleartext.h">
      <Filter>ヘッダー ファイル</Filter>
    </ClInclude>
    <ClInclude Include="Source\stagename.h">
      <Filter>ヘッダー ファイル</Filter>
    </ClInclude>
    <ClInclude Include="Source\timer.h">
      <Filter>ヘッダー ファイル</Filter>
    </ClInclude>
    <ClInclude Include="Source\meshcylinder.h">
      <Filter>mesh</Filter>
    </ClInclude>
    <ClInclude Include="Source\meshdome.h">
      <Filter>mesh</Filter>
    </ClInclude>
    <ClInclude Include="Source\meshfield.h">
      <Filter>mesh</Filter>
    </ClInclude>
    <ClInclude Include="Source\meshsphere.h">
      <Filter>mesh</Filter>
    </ClInclude>
    <ClInclude Include="Source\meshwall.h">
      <Filter>mesh</Filter>
    </ClInclude>
    <ClInclude Include="Source\targetpoint.h">
      <Filter>mesh</Filter>
    </ClInclude>
    <ClInclude Include="Source\object.h">
      <Filter>object</Filter>
    </ClInclude>
    <ClInclude Include="Source\object_circlegauge2D.h">
      <Filter>object</Filter>
    </ClInclude>
    <ClInclude Include="Source\object2D.h">
      <Filter>object</Filter>
    </ClInclude>
    <ClInclude Include="Source\object2D_Anim.h">
      <Filter>object</Filter>
    </ClInclude>
    <ClInclude Include="Source\object2D_gauge.h">
      <Filter>object</Filter>
    </ClInclude>
    <ClInclude Include="Source\object3D.h">
      <Filter>object</Filter>
    </ClInclude>
    <ClInclude Include="Source\object3D_Anim.h">
      <Filter>object</Filter>
    </ClInclude>
    <ClInclude Include="Source\object3DMesh.h">
      <Filter>object</Filter>
    </ClInclude>
    <ClInclude Include="Source\objectBillboard.h">
      <Filter>object</Filter>
    </ClInclude>
    <ClInclude Include="Source\objectBillboard_Anim.h">
      <Filter>object</Filter>
    </ClInclude>
    <ClInclude Include="Source\objectChara.h">
      <Filter>object</Filter>
    </ClInclude>
    <ClInclude Include="Source\objectHierarchy.h">
      <Filter>object</Filter>
    </ClInclude>
    <ClInclude Include="Source\objectX.h">
      <Filter>object</Filter>
    </ClInclude>
    <ClInclude Include="Source\game_pressenter.h">
      <Filter>mode\game</Filter>
    </ClInclude>
    <ClInclude Include="Source\tutorial.h">
      <Filter>mode\tutorial</Filter>
    </ClInclude>
    <ClInclude Include="Source\tutoriallogo.h">
      <Filter>mode\tutorial</Filter>
    </ClInclude>
    <ClInclude Include="Libraries\Imgui\imconfig.h">
      <Filter>Imgui</Filter>
    </ClInclude>
    <ClInclude Include="Libraries\Imgui\imgui.h">
      <Filter>Imgui</Filter>
    </ClInclude>
    <ClInclude Include="Libraries\Imgui\imgui_impl_dx9.h">
      <Filter>Imgui</Filter>
    </ClInclude>
    <ClInclude Include="Libraries\Imgui\imgui_impl_win32.h">
      <Filter>Imgui</Filter>
    </ClInclude>
    <ClInclude Include="Libraries\Imgui\imgui_internal.h">
      <Filter>Imgui</Filter>
    </ClInclude>
    <ClInclude Include="Libraries\Imgui\implot.h">
      <Filter>Imgui</Filter>
    </ClInclude>
    <ClInclude Include="Libraries\Imgui\implot_internal.h">
      <Filter>Imgui</Filter>
    </ClInclude>
    <ClInclude Include="Libraries\Imgui\imstb_rectpack.h">
      <Filter>Imgui</Filter>
    </ClInclude>
    <ClInclude Include="Libraries\Imgui\imstb_textedit.h">
      <Filter>Imgui</Filter>
    </ClInclude>
    <ClInclude Include="Libraries\Imgui\imstb_truetype.h">
      <Filter>Imgui</Filter>
    </ClInclude>
    <ClInclude Include="Source\input_gamepad.h">
      <Filter>Input</Filter>
    </ClInclude>
    <ClInclude Include="Source\input_keyboard.h">
      <Filter>Input</Filter>
    </ClInclude>
    <ClInclude Include="Source\input_mouse.h">
      <Filter>Input</Filter>
    </ClInclude>
    <ClInclude Include="Source\input.h">
      <Filter>Input</Filter>
    </ClInclude>
    <ClInclude Include="Source\edit_map.h">
      <Filter>edit</Filter>
    </ClInclude>
    <ClInclude Include="Source\ObjectLine.h">
      <Filter>object</Filter>
    </ClInclude>
    <ClInclude Include="Source\collisionLine_Box.h">
      <Filter>edit</Filter>
    </ClInclude>
    <ClInclude Include="Source\handle_Move.h">
      <Filter>handle</Filter>
    </ClInclude>
    <ClInclude Include="Source\edithandle.h">
      <Filter>handle</Filter>
    </ClInclude>
    <ClInclude Include="Source\handle_Scale.h">
      <Filter>handle</Filter>
    </ClInclude>
    <ClInclude Include="Source\number.h">
      <Filter>number</Filter>
    </ClInclude>
    <ClInclude Include="Source\number_2D.h">
      <Filter>number</Filter>
    </ClInclude>
    <ClInclude Include="Source\number_3D.h">
      <Filter>number</Filter>
    </ClInclude>
    <ClInclude Include="Source\number_Billboard.h">
      <Filter>number</Filter>
    </ClInclude>
    <ClInclude Include="Source\multinumber.h">
      <Filter>number</Filter>
    </ClInclude>
    <ClInclude Include="Source\game.h">
      <Filter>mode\game</Filter>
    </ClInclude>
    <ClInclude Include="Source\game_tutorial.h">
      <Filter>mode\game</Filter>
    </ClInclude>
    <ClInclude Include="Source\gamemanager.h">
      <Filter>mode\game</Filter>
    </ClInclude>
    <ClInclude Include="Source\damagepoint.h">
      <Filter>ヘッダー ファイル</Filter>
    </ClInclude>
    <ClInclude Include="Source\2D_effect.h">
      <Filter>effect</Filter>
    </ClInclude>
    <ClInclude Include="Source\3D_effect.h">
      <Filter>effect</Filter>
    </ClInclude>
    <ClInclude Include="Source\MyEffekseer.h">
      <Filter>effect</Filter>
    </ClInclude>
    <ClInclude Include="Source\precompile.h">
      <Filter>system</Filter>
    </ClInclude>
    <ClInclude Include="Source\sound.h">
      <Filter>system</Filter>
    </ClInclude>
    <ClInclude Include="Source\texture.h">
      <Filter>system</Filter>
    </ClInclude>
    <ClInclude Include="Source\Xload.h">
      <Filter>system</Filter>
    </ClInclude>
    <ClInclude Include="Source\light.h">
      <Filter>system</Filter>
    </ClInclude>
    <ClInclude Include="Source\mylib.h">
      <Filter>system</Filter>
    </ClInclude>
    <ClInclude Include="Source\ranking.h">
      <Filter>mode\ranking</Filter>
    </ClInclude>
    <ClInclude Include="Source\rankingmanager.h">
      <Filter>mode\ranking</Filter>
    </ClInclude>
    <ClInclude Include="Source\rankingscore.h">
      <Filter>mode\ranking</Filter>
    </ClInclude>
    <ClInclude Include="Source\result.h">
      <Filter>mode\result</Filter>
    </ClInclude>
    <ClInclude Include="Source\resultmanager.h">
      <Filter>mode\result</Filter>
    </ClInclude>
    <ClInclude Include="Source\resultscore.h">
      <Filter>mode\result</Filter>
    </ClInclude>
    <ClInclude Include="Source\title.h">
      <Filter>mode\title</Filter>
    </ClInclude>
    <ClInclude Include="Source\title_pressenter.h">
      <Filter>mode\title</Filter>
    </ClInclude>
    <ClInclude Include="Source\titlelogo.h">
      <Filter>mode\title</Filter>
    </ClInclude>
    <ClInclude Include="Source\main.h">
      <Filter>system</Filter>
    </ClInclude>
    <ClInclude Include="Source\manager.h">
      <Filter>system</Filter>
    </ClInclude>
    <ClInclude Include="Source\renderer.h">
      <Filter>system</Filter>
    </ClInclude>
    <ClInclude Include="Source\listmanager.h">
      <Filter>system</Filter>
    </ClInclude>
    <ClInclude Include="Source\debugproc.h">
      <Filter>system</Filter>
    </ClInclude>
    <ClInclude Include="Source\impactwave.h">
      <Filter>mesh</Filter>
    </ClInclude>
    <ClInclude Include="Source\fog.h">
      <Filter>system</Filter>
    </ClInclude>
    <ClInclude Include="Source\calculation.h">
      <Filter>system</Filter>
    </ClInclude>
    <ClInclude Include="Source\score.h">
      <Filter>ヘッダー ファイル</Filter>
    </ClInclude>
    <ClInclude Include="Source\scene.h">
      <Filter>mode</Filter>
    </ClInclude>
    <ClInclude Include="Source\player.h">
      <Filter>player</Filter>
    </ClInclude>
    <ClInclude Include="Source\playercontrol.h">
      <Filter>player</Filter>
    </ClInclude>
    <ClInclude Include="Source\pause.h">
      <Filter>pause</Filter>
    </ClInclude>
    <ClInclude Include="Source\pause_game.h">
      <Filter>pause</Filter>
    </ClInclude>
    <ClInclude Include="Source\pause_tutorial.h">
      <Filter>pause</Filter>
    </ClInclude>
    <ClInclude Include="Source\loadmanager.h">
      <Filter>load</Filter>
    </ClInclude>
    <ClInclude Include="Source\loadscreen.h">
      <Filter>load</Filter>
    </ClInclude>
    <ClInclude Include="Source\particle.h">
      <Filter>effect</Filter>
    </ClInclude>
    <ClInclude Include="Source\edit.h">
      <Filter>edit</Filter>
    </ClInclude>
    <ClInclude Include="Source\sample_objX.h">
      <Filter>SAMPLE</Filter>
    </ClInclude>
    <ClInclude Include="Source\goalflag.h">
      <Filter>map\goal</Filter>
    </ClInclude>
    <ClInclude Include="Source\sample_obj3D.h">
      <Filter>SAMPLE</Filter>
    </ClInclude>
    <ClInclude Include="Source\sample_obj2D.h">
      <Filter>SAMPLE</Filter>
    </ClInclude>
    <ClInclude Include="Source\checkpoint.h">
      <Filter>map\checkpoint</Filter>
    </ClInclude>
    <ClInclude Include="Source\sample_character.h">
      <Filter>SAMPLE</Filter>
    </ClInclude>
    <ClInclude Include="Source\baggage.h">
      <Filter>baggage</Filter>
    </ClInclude>
    <ClInclude Include="Source\debug_bressrange.h">
      <Filter>SAMPLE</Filter>
    </ClInclude>
    <ClInclude Include="Source\edit_obstacle.h">
      <Filter>edit</Filter>
    </ClInclude>
    <ClInclude Include="Source\Imguimanager.h">
      <Filter>Imgui</Filter>
    </ClInclude>
    <ClInclude Include="Source\keyconfig.h">
      <Filter>keyconfig</Filter>
    </ClInclude>
    <ClInclude Include="Source\keyconfig_gamepad.h">
      <Filter>keyconfig</Filter>
    </ClInclude>
    <ClInclude Include="Source\objectQuaternion.h">
      <Filter>object</Filter>
    </ClInclude>
    <ClInclude Include="Source\edit_course.h">
      <Filter>edit</Filter>
    </ClInclude>
    <ClInclude Include="Source\course.h">
      <Filter>map\course</Filter>
    </ClInclude>
    <ClInclude Include="Source\elevation.h">
      <Filter>mesh</Filter>
    </ClInclude>
    <ClInclude Include="Source\command.h">
      <Filter>command</Filter>
    </ClInclude>
    <ClInclude Include="Source\command_group.h">
      <Filter>command</Filter>
    </ClInclude>
    <ClInclude Include="Source\retryui.h">
      <Filter>ヘッダー ファイル</Filter>
    </ClInclude>
    <ClInclude Include="Source\stencilshadow.h">
      <Filter>stencilshadow</Filter>
    </ClInclude>
    <ClInclude Include="Source\baggageManager.h">
      <Filter>baggage</Filter>
    </ClInclude>
    <ClInclude Include="Source\spline.h">
      <Filter>spline</Filter>
    </ClInclude>
    <ClInclude Include="Source\judgezone.h">
      <Filter>judgezone</Filter>
    </ClInclude>
    <ClInclude Include="Source\judgezoneManager.h">
      <Filter>judgezone</Filter>
    </ClInclude>
    <ClInclude Include="Source\myassert.h">
      <Filter>system</Filter>
    </ClInclude>
    <ClInclude Include="Source\judge.h">
      <Filter>judgezone</Filter>
    </ClInclude>
    <ClInclude Include="Source\waterripple.h">
      <Filter>water</Filter>
    </ClInclude>
    <ClInclude Include="Source\waterfield.h">
      <Filter>water</Filter>
    </ClInclude>
    <ClInclude Include="Source\waterfield_right.h">
      <Filter>water</Filter>
    </ClInclude>
    <ClInclude Include="Source\waterfield_left.h">
      <Filter>water</Filter>
    </ClInclude>
    <ClInclude Include="Source\meshbubble.h">
      <Filter>water</Filter>
    </ClInclude>
    <ClInclude Include="Source\convert.h">
      <Filter>system</Filter>
    </ClInclude>
    <ClInclude Include="Source\mapmesh.h">
      <Filter>map\mesh</Filter>
    </ClInclude>
    <ClInclude Include="Source\stonewall.h">
      <Filter>map\mesh</Filter>
    </ClInclude>
    <ClInclude Include="Source\stonewall_front.h">
      <Filter>map\mesh</Filter>
    </ClInclude>
    <ClInclude Include="Source\townfield_sinuous.h">
      <Filter>map\mesh</Filter>
    </ClInclude>
    <ClInclude Include="Source\townfield_sinuous_front.h">
      <Filter>map\mesh</Filter>
    </ClInclude>
    <ClInclude Include="Source\judgestatefunc.h">
      <Filter>judgezone</Filter>
    </ClInclude>
    <ClInclude Include="Source\judgeobj.h">
      <Filter>judgezone</Filter>
    </ClInclude>
    <ClInclude Include="Source\edit_judgezone.h">
      <Filter>edit</Filter>
    </ClInclude>
    <ClInclude Include="Source\map_ui.h">
      <Filter>map_ui</Filter>
    </ClInclude>
    <ClInclude Include="Source\edit_waterstone.h">
      <Filter>edit</Filter>
    </ClInclude>
    <ClInclude Include="Source\people.h">
      <Filter>people</Filter>
    </ClInclude>
    <ClInclude Include="Source\glassclush.h">
      <Filter>direction</Filter>
    </ClInclude>
    <ClInclude Include="Source\courseManager.h">
      <Filter>map\course</Filter>
    </ClInclude>
    <ClInclude Include="Source\map_block.h">
      <Filter>map\block</Filter>
    </ClInclude>
    <ClInclude Include="Source\obstacle_fisharch.h">
      <Filter>map\obstacle</Filter>
    </ClInclude>
    <ClInclude Include="Source\obstacle_birdcircle.h">
      <Filter>map\obstacle</Filter>
    </ClInclude>
    <ClInclude Include="Source\peoplemanager.h">
      <Filter>people</Filter>
    </ClInclude>
    <ClInclude Include="Source\countdown_start.h">
      <Filter>direction</Filter>
    </ClInclude>
    <ClInclude Include="Source\request_people.h">
      <Filter>people</Filter>
    </ClInclude>
    <ClInclude Include="Source\camera.h">
      <Filter>camera</Filter>
    </ClInclude>
    <ClInclude Include="Source\camera_motion.h">
      <Filter>camera</Filter>
    </ClInclude>
    <ClInclude Include="Source\subtitle.h">
      <Filter>direction</Filter>
    </ClInclude>
    <ClInclude Include="Source\catchresult.h">
      <Filter>direction\catch</Filter>
    </ClInclude>
    <ClInclude Include="Source\catchresult_OK.h">
      <Filter>direction\catch</Filter>
    </ClInclude>
    <ClInclude Include="Source\catchresult_FAIL.h">
      <Filter>direction\catch</Filter>
    </ClInclude>
    <ClInclude Include="Source\timer_result.h">
      <Filter>mode\result</Filter>
    </ClInclude>
    <ClInclude Include="Source\clearrank.h">
      <Filter>mode\result</Filter>
    </ClInclude>
    <ClInclude Include="Source\toatalrank.h">
      <Filter>mode\result</Filter>
    </ClInclude>
    <ClInclude Include="Source\receiver_people.h">
      <Filter>people</Filter>
    </ClInclude>
    <ClInclude Include="Source\camera_motion_trigger.h">
      <Filter>camera</Filter>
    </ClInclude>
    <ClInclude Include="Source\cameratrigger_pass.h">
      <Filter>camera</Filter>
    </ClInclude>
    <ClInclude Include="Source\townfield_fixedplane.h">
      <Filter>map\mesh</Filter>
    </ClInclude>
    <ClInclude Include="Source\EffekseerObj.h">
      <Filter>effect</Filter>
    </ClInclude>
    <ClInclude Include="Source\movie.h">
      <Filter>movie</Filter>
    </ClInclude>
    <ClInclude Include="Source\splashwater.h">
      <Filter>direction\splash</Filter>
    </ClInclude>
    <ClInclude Include="Source\splashwater_bg.h">
      <Filter>direction\splash</Filter>
    </ClInclude>
    <ClInclude Include="Source\splashwater_manager.h">
      <Filter>direction\splash</Filter>
    </ClInclude>
    <ClInclude Include="Source\skip_ui.h">
      <Filter>ui</Filter>
    </ClInclude>
    <ClInclude Include="Source\discovery.h">
      <Filter>direction</Filter>
    </ClInclude>
    <ClInclude Include="Source\keyconfig_keyboard.h">
      <Filter>keyconfig</Filter>
    </ClInclude>
    <ClInclude Include="Source\guide.h">
      <Filter>ui\guide</Filter>
    </ClInclude>
    <ClInclude Include="Source\deadplayer.h">
      <Filter>direction\ascension</Filter>
    </ClInclude>
    <ClInclude Include="Source\ascensionCylinder.h">
      <Filter>direction\ascension</Filter>
    </ClInclude>
    <ClInclude Include="Source\kite.h">
      <Filter>people</Filter>
    </ClInclude>
    <ClInclude Include="Source\serifeffect.h">
      <Filter>ヘッダー ファイル</Filter>
    </ClInclude>
    <ClInclude Include="Source\map_obstacle.h">
      <Filter>map\obstacle</Filter>
    </ClInclude>
    <ClInclude Include="Source\map_obstacle_motion.h">
      <Filter>map\obstacle</Filter>
    </ClInclude>
    <ClInclude Include="Source\map_obstacle_obj.h">
      <Filter>map\obstacle</Filter>
    </ClInclude>
    <ClInclude Include="Source\map_obstacleManager.h">
      <Filter>map\obstacle</Filter>
    </ClInclude>
    <ClInclude Include="Source\waterstone.h">
      <Filter>map\waterstone</Filter>
    </ClInclude>
    <ClInclude Include="Source\waterstoneManager.h">
      <Filter>map\waterstone</Filter>
    </ClInclude>
    <ClInclude Include="Source\edit_mapblock.h">
      <Filter>edit</Filter>
    </ClInclude>
    <ClInclude Include="Source\frontobj_manager.h">
      <Filter>map\frontobj</Filter>
    </ClInclude>
    <ClInclude Include="Source\scroll.h">
      <Filter>direction\scroll</Filter>
    </ClInclude>
    <ClInclude Include="Source\leaf.h">
      <Filter>direction\leaf</Filter>
    </ClInclude>
    <ClInclude Include="Source\controlkeydisp.h">
      <Filter>ヘッダー ファイル</Filter>
    </ClInclude>
    <ClInclude Include="Source\leaf_flow.h">
      <Filter>direction\leaf</Filter>
    </ClInclude>
    <ClInclude Include="Source\tree.h">
      <Filter>map</Filter>
    </ClInclude>
    <ClInclude Include="Source\title_select.h">
      <Filter>mode\title</Filter>
    </ClInclude>
    <ClInclude Include="Source\result_people.h">
      <Filter>people</Filter>
    </ClInclude>
    <ClInclude Include="Source\cameratrigger_result.h">
      <Filter>camera</Filter>
    </ClInclude>
    <ClInclude Include="Source\title_optionselect.h">
      <Filter>mode\title</Filter>
    </ClInclude>
    <ClInclude Include="Source\optionmenu.h">
      <Filter>mode\title\option</Filter>
    </ClInclude>
    <ClInclude Include="Source\optionmenu_sound.h">
      <Filter>mode\title\option</Filter>
    </ClInclude>
    <ClInclude Include="Source\selectdraw.h">
      <Filter>direction\selectdraw</Filter>
    </ClInclude>
    <ClInclude Include="Source\suffocation.h">
      <Filter>direction</Filter>
    </ClInclude>
    <ClInclude Include="Source\optionmenu_keyconfig.h">
      <Filter>mode\title\option</Filter>
    </ClInclude>
    <ClInclude Include="Source\optionmenu_other.h">
      <Filter>mode\title\option</Filter>
    </ClInclude>
    <ClInclude Include="Source\rankingItem_top3.h">
      <Filter>mode\ranking</Filter>
    </ClInclude>
    <ClInclude Include="Source\rankingItem.h">
      <Filter>mode\ranking</Filter>
    </ClInclude>
    <ClInclude Include="Source\course_title.h">
      <Filter>map\course</Filter>
    </ClInclude>
    <ClInclude Include="Source\environment.h">
      <Filter>direction\environment</Filter>
    </ClInclude>
    <ClInclude Include="Source\goalgametext.h">
      <Filter>direction\goalgame</Filter>
    </ClInclude>
    <ClInclude Include="Source\lostrssmanager.h">
      <Filter>lostrssmanager</Filter>
    </ClInclude>
    <ClInclude Include="Source\judgeitem.h">
      <Filter>map\judge</Filter>
    </ClInclude>
    <ClInclude Include="Source\judgeitemManager.h">
      <Filter>map\judge</Filter>
    </ClInclude>
  </ItemGroup>
</Project>